// !$*UTF8*$!
{
	archiveVersion = 1;
	classes = {
	};
	objectVersion = 56;
	objects = {

/* Begin PBXBuildFile section */
		74225BF12B19B1BE00D408C1 /* ExploreModel.swift in Sources */ = {isa = PBXBuildFile; fileRef = 74225BF02B19B1BE00D408C1 /* ExploreModel.swift */; };
		7427B20F2B27F0B100B10EDA /* TranspVM.swift in Sources */ = {isa = PBXBuildFile; fileRef = 7427B20E2B27F0B100B10EDA /* TranspVM.swift */; };
		7427B2152B28011800B10EDA /* Weather.json in Resources */ = {isa = PBXBuildFile; fileRef = 7427B2142B28011800B10EDA /* Weather.json */; };
		742CD0702B04C36C00CA3011 /* AppDelegate.swift in Sources */ = {isa = PBXBuildFile; fileRef = 742CD06F2B04C36C00CA3011 /* AppDelegate.swift */; };
		742CD0722B04C36C00CA3011 /* SceneDelegate.swift in Sources */ = {isa = PBXBuildFile; fileRef = 742CD0712B04C36C00CA3011 /* SceneDelegate.swift */; };
		742CD0772B04C36D00CA3011 /* Main.storyboard in Resources */ = {isa = PBXBuildFile; fileRef = 742CD0752B04C36D00CA3011 /* Main.storyboard */; };
		742CD0792B04C36E00CA3011 /* Assets.xcassets in Resources */ = {isa = PBXBuildFile; fileRef = 742CD0782B04C36E00CA3011 /* Assets.xcassets */; };
		742CD07C2B04C36E00CA3011 /* LaunchScreen.storyboard in Resources */ = {isa = PBXBuildFile; fileRef = 742CD07A2B04C36E00CA3011 /* LaunchScreen.storyboard */; };
		7432EFE52B207439008D2280 /* ChatRightTableViewCell.swift in Sources */ = {isa = PBXBuildFile; fileRef = 7432EFE02B207439008D2280 /* ChatRightTableViewCell.swift */; };
		7432EFE62B207439008D2280 /* ChatTableView.swift in Sources */ = {isa = PBXBuildFile; fileRef = 7432EFE12B207439008D2280 /* ChatTableView.swift */; };
		7432EFE72B207439008D2280 /* ChatLeftTableViewCell.swift in Sources */ = {isa = PBXBuildFile; fileRef = 7432EFE22B207439008D2280 /* ChatLeftTableViewCell.swift */; };
		7432EFE82B207439008D2280 /* ChatVC.swift in Sources */ = {isa = PBXBuildFile; fileRef = 7432EFE32B207439008D2280 /* ChatVC.swift */; };
		7432EFE92B207439008D2280 /* CustomShape.swift in Sources */ = {isa = PBXBuildFile; fileRef = 7432EFE42B207439008D2280 /* CustomShape.swift */; };
		7432EFEB2B20775F008D2280 /* ChatModel.swift in Sources */ = {isa = PBXBuildFile; fileRef = 7432EFEA2B20775F008D2280 /* ChatModel.swift */; };
		7432EFED2B207D4C008D2280 /* FirestoreManager+Chat.swift in Sources */ = {isa = PBXBuildFile; fileRef = 7432EFEC2B207D4C008D2280 /* FirestoreManager+Chat.swift */; };
		7432EFEF2B215907008D2280 /* ChatVM.swift in Sources */ = {isa = PBXBuildFile; fileRef = 7432EFEE2B215907008D2280 /* ChatVM.swift */; };
		7432EFF22B21CD84008D2280 /* SessionTableViewCell.swift in Sources */ = {isa = PBXBuildFile; fileRef = 7432EFF12B21CD84008D2280 /* SessionTableViewCell.swift */; };
		74363FAC2B1B10C1000AE762 /* FirebaseAnalytics in Frameworks */ = {isa = PBXBuildFile; productRef = 74363FAB2B1B10C1000AE762 /* FirebaseAnalytics */; };
		74363FAE2B1B10C1000AE762 /* FirebaseAnalyticsOnDeviceConversion in Frameworks */ = {isa = PBXBuildFile; productRef = 74363FAD2B1B10C1000AE762 /* FirebaseAnalyticsOnDeviceConversion */; };
		74363FB02B1B10C1000AE762 /* FirebaseAnalyticsSwift in Frameworks */ = {isa = PBXBuildFile; productRef = 74363FAF2B1B10C1000AE762 /* FirebaseAnalyticsSwift */; };
		74363FB22B1B10C1000AE762 /* FirebaseAnalyticsWithoutAdIdSupport in Frameworks */ = {isa = PBXBuildFile; productRef = 74363FB12B1B10C1000AE762 /* FirebaseAnalyticsWithoutAdIdSupport */; };
		74363FB42B1B10C1000AE762 /* FirebaseAppCheck in Frameworks */ = {isa = PBXBuildFile; productRef = 74363FB32B1B10C1000AE762 /* FirebaseAppCheck */; };
		74363FB62B1B10C1000AE762 /* FirebaseAppDistribution-Beta in Frameworks */ = {isa = PBXBuildFile; productRef = 74363FB52B1B10C1000AE762 /* FirebaseAppDistribution-Beta */; };
		74363FB82B1B10C1000AE762 /* FirebaseAuth in Frameworks */ = {isa = PBXBuildFile; productRef = 74363FB72B1B10C1000AE762 /* FirebaseAuth */; };
		74363FBA2B1B10C1000AE762 /* FirebaseAuthCombine-Community in Frameworks */ = {isa = PBXBuildFile; productRef = 74363FB92B1B10C1000AE762 /* FirebaseAuthCombine-Community */; };
		74363FBC2B1B10C1000AE762 /* FirebaseCrashlytics in Frameworks */ = {isa = PBXBuildFile; productRef = 74363FBB2B1B10C1000AE762 /* FirebaseCrashlytics */; };
		74363FBE2B1B10C1000AE762 /* FirebaseDatabase in Frameworks */ = {isa = PBXBuildFile; productRef = 74363FBD2B1B10C1000AE762 /* FirebaseDatabase */; };
		74363FC02B1B10C1000AE762 /* FirebaseDatabaseSwift in Frameworks */ = {isa = PBXBuildFile; productRef = 74363FBF2B1B10C1000AE762 /* FirebaseDatabaseSwift */; };
		74363FC22B1B10C1000AE762 /* FirebaseDynamicLinks in Frameworks */ = {isa = PBXBuildFile; productRef = 74363FC12B1B10C1000AE762 /* FirebaseDynamicLinks */; };
		74363FC42B1B10C1000AE762 /* FirebaseFirestore in Frameworks */ = {isa = PBXBuildFile; productRef = 74363FC32B1B10C1000AE762 /* FirebaseFirestore */; };
		74363FC62B1B10C1000AE762 /* FirebaseFirestoreCombine-Community in Frameworks */ = {isa = PBXBuildFile; productRef = 74363FC52B1B10C1000AE762 /* FirebaseFirestoreCombine-Community */; };
		74363FC82B1B10C1000AE762 /* FirebaseFirestoreSwift in Frameworks */ = {isa = PBXBuildFile; productRef = 74363FC72B1B10C1000AE762 /* FirebaseFirestoreSwift */; };
		74363FCA2B1B10C1000AE762 /* FirebaseFunctions in Frameworks */ = {isa = PBXBuildFile; productRef = 74363FC92B1B10C1000AE762 /* FirebaseFunctions */; };
		74363FCC2B1B10C1000AE762 /* FirebaseFunctionsCombine-Community in Frameworks */ = {isa = PBXBuildFile; productRef = 74363FCB2B1B10C1000AE762 /* FirebaseFunctionsCombine-Community */; };
		74363FCE2B1B10C1000AE762 /* FirebaseInAppMessaging-Beta in Frameworks */ = {isa = PBXBuildFile; productRef = 74363FCD2B1B10C1000AE762 /* FirebaseInAppMessaging-Beta */; };
		74363FD02B1B10C1000AE762 /* FirebaseInAppMessagingSwift-Beta in Frameworks */ = {isa = PBXBuildFile; productRef = 74363FCF2B1B10C1000AE762 /* FirebaseInAppMessagingSwift-Beta */; };
		74363FD22B1B10C1000AE762 /* FirebaseInstallations in Frameworks */ = {isa = PBXBuildFile; productRef = 74363FD12B1B10C1000AE762 /* FirebaseInstallations */; };
		74363FD42B1B10C1000AE762 /* FirebaseMLModelDownloader in Frameworks */ = {isa = PBXBuildFile; productRef = 74363FD32B1B10C1000AE762 /* FirebaseMLModelDownloader */; };
		74363FD62B1B10C1000AE762 /* FirebaseMessaging in Frameworks */ = {isa = PBXBuildFile; productRef = 74363FD52B1B10C1000AE762 /* FirebaseMessaging */; };
		74363FD82B1B10C1000AE762 /* FirebasePerformance in Frameworks */ = {isa = PBXBuildFile; productRef = 74363FD72B1B10C1000AE762 /* FirebasePerformance */; };
		74363FDA2B1B10C1000AE762 /* FirebaseRemoteConfig in Frameworks */ = {isa = PBXBuildFile; productRef = 74363FD92B1B10C1000AE762 /* FirebaseRemoteConfig */; };
		74363FDC2B1B10C1000AE762 /* FirebaseRemoteConfigSwift in Frameworks */ = {isa = PBXBuildFile; productRef = 74363FDB2B1B10C1000AE762 /* FirebaseRemoteConfigSwift */; };
		74363FDE2B1B10C1000AE762 /* FirebaseStorage in Frameworks */ = {isa = PBXBuildFile; productRef = 74363FDD2B1B10C1000AE762 /* FirebaseStorage */; };
		74363FE02B1B10C1000AE762 /* FirebaseStorageCombine-Community in Frameworks */ = {isa = PBXBuildFile; productRef = 74363FDF2B1B10C1000AE762 /* FirebaseStorageCombine-Community */; };
		74363FE32B1B166A000AE762 /* LoginVM.swift in Sources */ = {isa = PBXBuildFile; fileRef = 74363FE22B1B166A000AE762 /* LoginVM.swift */; };
		74363FE52B1B2072000AE762 /* ProfileVM.swift in Sources */ = {isa = PBXBuildFile; fileRef = 74363FE42B1B2072000AE762 /* ProfileVM.swift */; };
		74363FE72B1B4AA3000AE762 /* UserManager.swift in Sources */ = {isa = PBXBuildFile; fileRef = 74363FE62B1B4AA3000AE762 /* UserManager.swift */; };
		7439AFED2B074F6700A28C09 /* RouteVC.swift in Sources */ = {isa = PBXBuildFile; fileRef = 7439AFEC2B074F6700A28C09 /* RouteVC.swift */; };
		7439AFEF2B0753FE00A28C09 /* RouteManager.swift in Sources */ = {isa = PBXBuildFile; fileRef = 7439AFEE2B0753FE00A28C09 /* RouteManager.swift */; };
		74426E102B2B1D2200A636D5 /* FirestoreManager+CloudStorage.swift in Sources */ = {isa = PBXBuildFile; fileRef = 74426E0F2B2B1D2200A636D5 /* FirestoreManager+CloudStorage.swift */; };
		7443C0F02B1B02F400EDA21A /* GoogleService-Info.plist in Resources */ = {isa = PBXBuildFile; fileRef = 7443C0EF2B1B02F300EDA21A /* GoogleService-Info.plist */; };
		744B57132B05C57800B3ABAA /* ResultVC.swift in Sources */ = {isa = PBXBuildFile; fileRef = 744B57122B05C57800B3ABAA /* ResultVC.swift */; };
		744B57152B05D59400B3ABAA /* GooglePlacesManager.swift in Sources */ = {isa = PBXBuildFile; fileRef = 744B57142B05D59400B3ABAA /* GooglePlacesManager.swift */; };
		744B57182B05D7AF00B3ABAA /* PackageModel.swift in Sources */ = {isa = PBXBuildFile; fileRef = 744B57172B05D7AF00B3ABAA /* PackageModel.swift */; };
		744B571C2B05DBA000B3ABAA /* ResultTableView.swift in Sources */ = {isa = PBXBuildFile; fileRef = 744B571B2B05DBA000B3ABAA /* ResultTableView.swift */; };
		744B571E2B05E40B00B3ABAA /* ResultTableViewCell.swift in Sources */ = {isa = PBXBuildFile; fileRef = 744B571D2B05E40B00B3ABAA /* ResultTableViewCell.swift */; };
		744B57212B06092500B3ABAA /* TranspVC.swift in Sources */ = {isa = PBXBuildFile; fileRef = 744B57202B06092500B3ABAA /* TranspVC.swift */; };
		744B57232B0609AC00B3ABAA /* TransTableView.swift in Sources */ = {isa = PBXBuildFile; fileRef = 744B57222B0609AC00B3ABAA /* TransTableView.swift */; };
		744B57252B0609DE00B3ABAA /* TranspTableViewCell.swift in Sources */ = {isa = PBXBuildFile; fileRef = 744B57242B0609DE00B3ABAA /* TranspTableViewCell.swift */; };
		744B57272B060C9200B3ABAA /* TranspManager.swift in Sources */ = {isa = PBXBuildFile; fileRef = 744B57262B060C9200B3ABAA /* TranspManager.swift */; };
		7474AC132B303A2100F673C7 /* ProfileVC+Constraint.swift in Sources */ = {isa = PBXBuildFile; fileRef = 7474AC122B303A2100F673C7 /* ProfileVC+Constraint.swift */; };
		747AF5CE2B08BD0000091CD9 /* ExploreBaseVC.swift in Sources */ = {isa = PBXBuildFile; fileRef = 747AF5CD2B08BD0000091CD9 /* ExploreBaseVC.swift */; };
		748023E82B09EC3C00878B12 /* DayHeaderView.swift in Sources */ = {isa = PBXBuildFile; fileRef = 748023E72B09EC3C00878B12 /* DayHeaderView.swift */; };
		748023EB2B0B38DA00878B12 /* SelectionView.swift in Sources */ = {isa = PBXBuildFile; fileRef = 748023EA2B0B38DA00878B12 /* SelectionView.swift */; };
		748023ED2B0B390100878B12 /* SelectionModel.swift in Sources */ = {isa = PBXBuildFile; fileRef = 748023EC2B0B390100878B12 /* SelectionModel.swift */; };
		7486BCF52B246452008808B4 /* PackageDetailVM.swift in Sources */ = {isa = PBXBuildFile; fileRef = 7486BCF42B246452008808B4 /* PackageDetailVM.swift */; };
		7486BCF72B2587E9008808B4 /* HeaderView.swift in Sources */ = {isa = PBXBuildFile; fileRef = 7486BCF62B2587E9008808B4 /* HeaderView.swift */; };
		7486BCF92B25B4EF008808B4 /* RequestModel.swift in Sources */ = {isa = PBXBuildFile; fileRef = 7486BCF82B25B4EF008808B4 /* RequestModel.swift */; };
		7486BCFB2B25B6F9008808B4 /* FirestoreManager+Request.swift in Sources */ = {isa = PBXBuildFile; fileRef = 7486BCFA2B25B6F9008808B4 /* FirestoreManager+Request.swift */; };
		748728282B15B41200EB347F /* JGProgressHUDWrapper.swift in Sources */ = {isa = PBXBuildFile; fileRef = 748728272B15B41200EB347F /* JGProgressHUDWrapper.swift */; };
		74898EEB2B26F9B90075997A /* MenuHint.json in Resources */ = {isa = PBXBuildFile; fileRef = 74898EEA2B26F9B90075997A /* MenuHint.json */; };
		74898EEF2B2701400075997A /* ChatBG.json in Resources */ = {isa = PBXBuildFile; fileRef = 74898EEE2B2701400075997A /* ChatBG.json */; };
		74898EFB2B2723650075997A /* LoginBG.json in Resources */ = {isa = PBXBuildFile; fileRef = 74898EFA2B2723650075997A /* LoginBG.json */; };
		74918CBD2B072FE700ED7D99 /* CoreLocation.framework in Frameworks */ = {isa = PBXBuildFile; fileRef = 74918CBC2B072FE700ED7D99 /* CoreLocation.framework */; };
		74A60FBE2B21EA9D00398A10 /* SessionTableView.swift in Sources */ = {isa = PBXBuildFile; fileRef = 74A60FBD2B21EA9D00398A10 /* SessionTableView.swift */; };
		74A60FC02B22EB8700398A10 /* MultiUserVM.swift in Sources */ = {isa = PBXBuildFile; fileRef = 74A60FBF2B22EB8700398A10 /* MultiUserVM.swift */; };
		74A60FC22B22EBF300398A10 /* ChatManager.swift in Sources */ = {isa = PBXBuildFile; fileRef = 74A60FC12B22EBF300398A10 /* ChatManager.swift */; };
		74A8F9152B182C3500AE63F5 /* ExploreVM.swift in Sources */ = {isa = PBXBuildFile; fileRef = 74A8F9142B182C3500AE63F5 /* ExploreVM.swift */; };
		74A8F9172B18379600AE63F5 /* CreateVM.swift in Sources */ = {isa = PBXBuildFile; fileRef = 74A8F9162B18379600AE63F5 /* CreateVM.swift */; };
		74A8F91C2B18391F00AE63F5 /* Box.swift in Sources */ = {isa = PBXBuildFile; fileRef = 74A8F91B2B18391F00AE63F5 /* Box.swift */; };
		74A8F91E2B18407E00AE63F5 /* ExploreSiteVM.swift in Sources */ = {isa = PBXBuildFile; fileRef = 74A8F91D2B18407E00AE63F5 /* ExploreSiteVM.swift */; };
		74A8F9202B186FF000AE63F5 /* FirestoreManager+Search.swift in Sources */ = {isa = PBXBuildFile; fileRef = 74A8F91F2B186FF000AE63F5 /* FirestoreManager+Search.swift */; };
		74B828502B04DABB00A42850 /* DeclaritiveExtension.swift in Sources */ = {isa = PBXBuildFile; fileRef = 74B8284F2B04DABB00A42850 /* DeclaritiveExtension.swift */; };
		74B828522B04DB2300A42850 /* UIColorExtension.swift in Sources */ = {isa = PBXBuildFile; fileRef = 74B828512B04DB2300A42850 /* UIColorExtension.swift */; };
		74B828562B04DB7700A42850 /* ModuleTableViewCell.swift in Sources */ = {isa = PBXBuildFile; fileRef = 74B828532B04DB7700A42850 /* ModuleTableViewCell.swift */; };
		74B828572B04DB7700A42850 /* ModuleTableView.swift in Sources */ = {isa = PBXBuildFile; fileRef = 74B828542B04DB7700A42850 /* ModuleTableView.swift */; };
		74B828582B04DB7700A42850 /* CreatePackageVC.swift in Sources */ = {isa = PBXBuildFile; fileRef = 74B828552B04DB7700A42850 /* CreatePackageVC.swift */; };
		74B8285B2B04DF1900A42850 /* PackageManager.swift in Sources */ = {isa = PBXBuildFile; fileRef = 74B8285A2B04DF1900A42850 /* PackageManager.swift */; };
		74B8285D2B04DF8800A42850 /* ExploreSiteVC.swift in Sources */ = {isa = PBXBuildFile; fileRef = 74B8285C2B04DF8800A42850 /* ExploreSiteVC.swift */; };
		74C013252B0BD60700569897 /* GradientView.swift in Sources */ = {isa = PBXBuildFile; fileRef = 74C013242B0BD60700569897 /* GradientView.swift */; };
		74C63D122B1AED8F0053030B /* LoginVC.swift in Sources */ = {isa = PBXBuildFile; fileRef = 74C63D112B1AED8F0053030B /* LoginVC.swift */; };
		74DE46372B087B2E00B6F648 /* UserModel.swift in Sources */ = {isa = PBXBuildFile; fileRef = 74DE46362B087B2E00B6F648 /* UserModel.swift */; };
		74DE463C2B0885F900B6F648 /* FirebaseAnalytics in Frameworks */ = {isa = PBXBuildFile; productRef = 74DE463B2B0885F900B6F648 /* FirebaseAnalytics */; };
		74DE463E2B0885F900B6F648 /* FirebaseAnalyticsOnDeviceConversion in Frameworks */ = {isa = PBXBuildFile; productRef = 74DE463D2B0885F900B6F648 /* FirebaseAnalyticsOnDeviceConversion */; };
		74DE46402B0885F900B6F648 /* FirebaseAnalyticsSwift in Frameworks */ = {isa = PBXBuildFile; productRef = 74DE463F2B0885F900B6F648 /* FirebaseAnalyticsSwift */; };
		74DE46422B0885F900B6F648 /* FirebaseAnalyticsWithoutAdIdSupport in Frameworks */ = {isa = PBXBuildFile; productRef = 74DE46412B0885F900B6F648 /* FirebaseAnalyticsWithoutAdIdSupport */; };
		74DE46442B0885F900B6F648 /* FirebaseAppCheck in Frameworks */ = {isa = PBXBuildFile; productRef = 74DE46432B0885F900B6F648 /* FirebaseAppCheck */; };
		74DE46462B0885F900B6F648 /* FirebaseAppDistribution-Beta in Frameworks */ = {isa = PBXBuildFile; productRef = 74DE46452B0885F900B6F648 /* FirebaseAppDistribution-Beta */; };
		74DE46482B0885F900B6F648 /* FirebaseDynamicLinks in Frameworks */ = {isa = PBXBuildFile; productRef = 74DE46472B0885F900B6F648 /* FirebaseDynamicLinks */; };
		74DE464A2B0885F900B6F648 /* FirebaseFirestore in Frameworks */ = {isa = PBXBuildFile; productRef = 74DE46492B0885F900B6F648 /* FirebaseFirestore */; };
		74DE464C2B0885F900B6F648 /* FirebaseFirestoreCombine-Community in Frameworks */ = {isa = PBXBuildFile; productRef = 74DE464B2B0885F900B6F648 /* FirebaseFirestoreCombine-Community */; };
		74DE464E2B0885F900B6F648 /* FirebaseFirestoreSwift in Frameworks */ = {isa = PBXBuildFile; productRef = 74DE464D2B0885F900B6F648 /* FirebaseFirestoreSwift */; };
		74DE46502B0885F900B6F648 /* FirebaseFunctions in Frameworks */ = {isa = PBXBuildFile; productRef = 74DE464F2B0885F900B6F648 /* FirebaseFunctions */; };
		74DE46522B0885F900B6F648 /* FirebaseFunctionsCombine-Community in Frameworks */ = {isa = PBXBuildFile; productRef = 74DE46512B0885F900B6F648 /* FirebaseFunctionsCombine-Community */; };
		74DE46542B0885F900B6F648 /* FirebaseInAppMessaging-Beta in Frameworks */ = {isa = PBXBuildFile; productRef = 74DE46532B0885F900B6F648 /* FirebaseInAppMessaging-Beta */; };
		74DE46562B0885F900B6F648 /* FirebaseMessaging in Frameworks */ = {isa = PBXBuildFile; productRef = 74DE46552B0885F900B6F648 /* FirebaseMessaging */; };
		74DE46582B0885F900B6F648 /* FirebasePerformance in Frameworks */ = {isa = PBXBuildFile; productRef = 74DE46572B0885F900B6F648 /* FirebasePerformance */; };
		74DE465A2B0885F900B6F648 /* FirebaseRemoteConfig in Frameworks */ = {isa = PBXBuildFile; productRef = 74DE46592B0885F900B6F648 /* FirebaseRemoteConfig */; };
		74DE465C2B0885F900B6F648 /* FirebaseRemoteConfigSwift in Frameworks */ = {isa = PBXBuildFile; productRef = 74DE465B2B0885F900B6F648 /* FirebaseRemoteConfigSwift */; };
		74DE465E2B0885F900B6F648 /* FirebaseStorage in Frameworks */ = {isa = PBXBuildFile; productRef = 74DE465D2B0885F900B6F648 /* FirebaseStorage */; };
		74DE46602B0885F900B6F648 /* FirebaseStorageCombine-Community in Frameworks */ = {isa = PBXBuildFile; productRef = 74DE465F2B0885F900B6F648 /* FirebaseStorageCombine-Community */; };
		74DE46622B0886CD00B6F648 /* FirestoreManager.swift in Sources */ = {isa = PBXBuildFile; fileRef = 74DE46612B0886CD00B6F648 /* FirestoreManager.swift */; };
		74DE46642B08995700B6F648 /* TabbarController.swift in Sources */ = {isa = PBXBuildFile; fileRef = 74DE46632B08995700B6F648 /* TabbarController.swift */; };
		74DE46672B089B9800B6F648 /* ExplorePackageVC.swift in Sources */ = {isa = PBXBuildFile; fileRef = 74DE46662B089B9800B6F648 /* ExplorePackageVC.swift */; };
		74DE466D2B089C2400B6F648 /* ProfileVC.swift in Sources */ = {isa = PBXBuildFile; fileRef = 74DE466C2B089C2400B6F648 /* ProfileVC.swift */; };
		74DE466F2B089F8000B6F648 /* NavigationController.swift in Sources */ = {isa = PBXBuildFile; fileRef = 74DE466E2B089F8000B6F648 /* NavigationController.swift */; };
		74DE46722B08AD4600B6F648 /* PackageBaseVC.swift in Sources */ = {isa = PBXBuildFile; fileRef = 74DE46712B08AD4600B6F648 /* PackageBaseVC.swift */; };
		74DE46742B08B35300B6F648 /* PackageDetailVC.swift in Sources */ = {isa = PBXBuildFile; fileRef = 74DE46732B08B35300B6F648 /* PackageDetailVC.swift */; };
		74DE46762B08B4D000B6F648 /* ExploreTableView.swift in Sources */ = {isa = PBXBuildFile; fileRef = 74DE46752B08B4D000B6F648 /* ExploreTableView.swift */; };
		74DE46782B08B4E500B6F648 /* ExploreTableViewCell.swift in Sources */ = {isa = PBXBuildFile; fileRef = 74DE46772B08B4E500B6F648 /* ExploreTableViewCell.swift */; };
		74E209522B2D7B9600477E13 /* TabbarVM.swift in Sources */ = {isa = PBXBuildFile; fileRef = 74E209512B2D7B9600477E13 /* TabbarVM.swift */; };
		74E453A12B0F16780017BDCD /* FirestoreManager+Transaction.swift in Sources */ = {isa = PBXBuildFile; fileRef = 74E453A02B0F16780017BDCD /* FirestoreManager+Transaction.swift */; };
		74E453A42B0F22CB0017BDCD /* MultiUserVC.swift in Sources */ = {isa = PBXBuildFile; fileRef = 74E453A32B0F22CB0017BDCD /* MultiUserVC.swift */; };
		74F796BF2B0CA4E40055E72F /* ScrollView.swift in Sources */ = {isa = PBXBuildFile; fileRef = 74F796BE2B0CA4E40055E72F /* ScrollView.swift */; };
		BBD4622B9ECDCDBFD3DA8338 /* Pods_save_the_date.framework in Frameworks */ = {isa = PBXBuildFile; fileRef = BF3C3244F20A7471CA3A602F /* Pods_save_the_date.framework */; };
/* End PBXBuildFile section */

/* Begin PBXFileReference section */
		0C21406B870A2F9BBBD75184 /* Pods-save-the-date.debug.xcconfig */ = {isa = PBXFileReference; includeInIndex = 1; lastKnownFileType = text.xcconfig; name = "Pods-save-the-date.debug.xcconfig"; path = "Target Support Files/Pods-save-the-date/Pods-save-the-date.debug.xcconfig"; sourceTree = "<group>"; };
		74225BF02B19B1BE00D408C1 /* ExploreModel.swift */ = {isa = PBXFileReference; lastKnownFileType = sourcecode.swift; path = ExploreModel.swift; sourceTree = "<group>"; };
		7427B20E2B27F0B100B10EDA /* TranspVM.swift */ = {isa = PBXFileReference; lastKnownFileType = sourcecode.swift; path = TranspVM.swift; sourceTree = "<group>"; };
		7427B2142B28011800B10EDA /* Weather.json */ = {isa = PBXFileReference; fileEncoding = 4; lastKnownFileType = text.json; path = Weather.json; sourceTree = "<group>"; };
		742CD06C2B04C36C00CA3011 /* save-the-date.app */ = {isa = PBXFileReference; explicitFileType = wrapper.application; includeInIndex = 0; path = "save-the-date.app"; sourceTree = BUILT_PRODUCTS_DIR; };
		742CD06F2B04C36C00CA3011 /* AppDelegate.swift */ = {isa = PBXFileReference; lastKnownFileType = sourcecode.swift; path = AppDelegate.swift; sourceTree = "<group>"; };
		742CD0712B04C36C00CA3011 /* SceneDelegate.swift */ = {isa = PBXFileReference; lastKnownFileType = sourcecode.swift; path = SceneDelegate.swift; sourceTree = "<group>"; };
		742CD0762B04C36D00CA3011 /* Base */ = {isa = PBXFileReference; lastKnownFileType = file.storyboard; name = Base; path = Base.lproj/Main.storyboard; sourceTree = "<group>"; };
		742CD0782B04C36E00CA3011 /* Assets.xcassets */ = {isa = PBXFileReference; lastKnownFileType = folder.assetcatalog; path = Assets.xcassets; sourceTree = "<group>"; };
		742CD07B2B04C36E00CA3011 /* Base */ = {isa = PBXFileReference; lastKnownFileType = file.storyboard; name = Base; path = Base.lproj/LaunchScreen.storyboard; sourceTree = "<group>"; };
		742CD07D2B04C36E00CA3011 /* Info.plist */ = {isa = PBXFileReference; lastKnownFileType = text.plist.xml; path = Info.plist; sourceTree = "<group>"; };
		7432EFE02B207439008D2280 /* ChatRightTableViewCell.swift */ = {isa = PBXFileReference; fileEncoding = 4; lastKnownFileType = sourcecode.swift; path = ChatRightTableViewCell.swift; sourceTree = "<group>"; };
		7432EFE12B207439008D2280 /* ChatTableView.swift */ = {isa = PBXFileReference; fileEncoding = 4; lastKnownFileType = sourcecode.swift; path = ChatTableView.swift; sourceTree = "<group>"; };
		7432EFE22B207439008D2280 /* ChatLeftTableViewCell.swift */ = {isa = PBXFileReference; fileEncoding = 4; lastKnownFileType = sourcecode.swift; path = ChatLeftTableViewCell.swift; sourceTree = "<group>"; };
		7432EFE32B207439008D2280 /* ChatVC.swift */ = {isa = PBXFileReference; fileEncoding = 4; lastKnownFileType = sourcecode.swift; path = ChatVC.swift; sourceTree = "<group>"; };
		7432EFE42B207439008D2280 /* CustomShape.swift */ = {isa = PBXFileReference; fileEncoding = 4; lastKnownFileType = sourcecode.swift; path = CustomShape.swift; sourceTree = "<group>"; };
		7432EFEA2B20775F008D2280 /* ChatModel.swift */ = {isa = PBXFileReference; lastKnownFileType = sourcecode.swift; path = ChatModel.swift; sourceTree = "<group>"; };
		7432EFEC2B207D4C008D2280 /* FirestoreManager+Chat.swift */ = {isa = PBXFileReference; lastKnownFileType = sourcecode.swift; path = "FirestoreManager+Chat.swift"; sourceTree = "<group>"; };
		7432EFEE2B215907008D2280 /* ChatVM.swift */ = {isa = PBXFileReference; lastKnownFileType = sourcecode.swift; path = ChatVM.swift; sourceTree = "<group>"; };
		7432EFF12B21CD84008D2280 /* SessionTableViewCell.swift */ = {isa = PBXFileReference; lastKnownFileType = sourcecode.swift; path = SessionTableViewCell.swift; sourceTree = "<group>"; };
		74363FE22B1B166A000AE762 /* LoginVM.swift */ = {isa = PBXFileReference; lastKnownFileType = sourcecode.swift; path = LoginVM.swift; sourceTree = "<group>"; };
		74363FE42B1B2072000AE762 /* ProfileVM.swift */ = {isa = PBXFileReference; lastKnownFileType = sourcecode.swift; path = ProfileVM.swift; sourceTree = "<group>"; };
		74363FE62B1B4AA3000AE762 /* UserManager.swift */ = {isa = PBXFileReference; lastKnownFileType = sourcecode.swift; path = UserManager.swift; sourceTree = "<group>"; };
		7439AFEC2B074F6700A28C09 /* RouteVC.swift */ = {isa = PBXFileReference; lastKnownFileType = sourcecode.swift; path = RouteVC.swift; sourceTree = "<group>"; };
		7439AFEE2B0753FE00A28C09 /* RouteManager.swift */ = {isa = PBXFileReference; lastKnownFileType = sourcecode.swift; path = RouteManager.swift; sourceTree = "<group>"; };
		74426E0F2B2B1D2200A636D5 /* FirestoreManager+CloudStorage.swift */ = {isa = PBXFileReference; lastKnownFileType = sourcecode.swift; path = "FirestoreManager+CloudStorage.swift"; sourceTree = "<group>"; };
		7443C0EF2B1B02F300EDA21A /* GoogleService-Info.plist */ = {isa = PBXFileReference; fileEncoding = 4; lastKnownFileType = text.plist.xml; path = "GoogleService-Info.plist"; sourceTree = "<group>"; };
		744B57122B05C57800B3ABAA /* ResultVC.swift */ = {isa = PBXFileReference; lastKnownFileType = sourcecode.swift; path = ResultVC.swift; sourceTree = "<group>"; };
		744B57142B05D59400B3ABAA /* GooglePlacesManager.swift */ = {isa = PBXFileReference; lastKnownFileType = sourcecode.swift; path = GooglePlacesManager.swift; sourceTree = "<group>"; };
		744B57172B05D7AF00B3ABAA /* PackageModel.swift */ = {isa = PBXFileReference; lastKnownFileType = sourcecode.swift; path = PackageModel.swift; sourceTree = "<group>"; };
		744B571B2B05DBA000B3ABAA /* ResultTableView.swift */ = {isa = PBXFileReference; lastKnownFileType = sourcecode.swift; path = ResultTableView.swift; sourceTree = "<group>"; };
		744B571D2B05E40B00B3ABAA /* ResultTableViewCell.swift */ = {isa = PBXFileReference; lastKnownFileType = sourcecode.swift; path = ResultTableViewCell.swift; sourceTree = "<group>"; };
		744B57202B06092500B3ABAA /* TranspVC.swift */ = {isa = PBXFileReference; lastKnownFileType = sourcecode.swift; path = TranspVC.swift; sourceTree = "<group>"; };
		744B57222B0609AC00B3ABAA /* TransTableView.swift */ = {isa = PBXFileReference; lastKnownFileType = sourcecode.swift; path = TransTableView.swift; sourceTree = "<group>"; };
		744B57242B0609DE00B3ABAA /* TranspTableViewCell.swift */ = {isa = PBXFileReference; lastKnownFileType = sourcecode.swift; path = TranspTableViewCell.swift; sourceTree = "<group>"; };
		744B57262B060C9200B3ABAA /* TranspManager.swift */ = {isa = PBXFileReference; lastKnownFileType = sourcecode.swift; path = TranspManager.swift; sourceTree = "<group>"; };
		7474AC122B303A2100F673C7 /* ProfileVC+Constraint.swift */ = {isa = PBXFileReference; lastKnownFileType = sourcecode.swift; path = "ProfileVC+Constraint.swift"; sourceTree = "<group>"; };
		747AF5CD2B08BD0000091CD9 /* ExploreBaseVC.swift */ = {isa = PBXFileReference; lastKnownFileType = sourcecode.swift; path = ExploreBaseVC.swift; sourceTree = "<group>"; };
		748023E72B09EC3C00878B12 /* DayHeaderView.swift */ = {isa = PBXFileReference; lastKnownFileType = sourcecode.swift; path = DayHeaderView.swift; sourceTree = "<group>"; };
		748023EA2B0B38DA00878B12 /* SelectionView.swift */ = {isa = PBXFileReference; lastKnownFileType = sourcecode.swift; path = SelectionView.swift; sourceTree = "<group>"; };
		748023EC2B0B390100878B12 /* SelectionModel.swift */ = {isa = PBXFileReference; lastKnownFileType = sourcecode.swift; path = SelectionModel.swift; sourceTree = "<group>"; };
		7486BCF32B242933008808B4 /* save-the-date.entitlements */ = {isa = PBXFileReference; lastKnownFileType = text.plist.entitlements; path = "save-the-date.entitlements"; sourceTree = "<group>"; };
		7486BCF42B246452008808B4 /* PackageDetailVM.swift */ = {isa = PBXFileReference; lastKnownFileType = sourcecode.swift; path = PackageDetailVM.swift; sourceTree = "<group>"; };
		7486BCF62B2587E9008808B4 /* HeaderView.swift */ = {isa = PBXFileReference; lastKnownFileType = sourcecode.swift; path = HeaderView.swift; sourceTree = "<group>"; };
		7486BCF82B25B4EF008808B4 /* RequestModel.swift */ = {isa = PBXFileReference; lastKnownFileType = sourcecode.swift; path = RequestModel.swift; sourceTree = "<group>"; };
		7486BCFA2B25B6F9008808B4 /* FirestoreManager+Request.swift */ = {isa = PBXFileReference; lastKnownFileType = sourcecode.swift; path = "FirestoreManager+Request.swift"; sourceTree = "<group>"; };
		748728272B15B41200EB347F /* JGProgressHUDWrapper.swift */ = {isa = PBXFileReference; lastKnownFileType = sourcecode.swift; path = JGProgressHUDWrapper.swift; sourceTree = "<group>"; };
		74898EEA2B26F9B90075997A /* MenuHint.json */ = {isa = PBXFileReference; fileEncoding = 4; lastKnownFileType = text.json; path = MenuHint.json; sourceTree = "<group>"; };
		74898EEE2B2701400075997A /* ChatBG.json */ = {isa = PBXFileReference; fileEncoding = 4; lastKnownFileType = text.json; path = ChatBG.json; sourceTree = "<group>"; };
		74898EFA2B2723650075997A /* LoginBG.json */ = {isa = PBXFileReference; fileEncoding = 4; lastKnownFileType = text.json; path = LoginBG.json; sourceTree = "<group>"; };
		74918CBC2B072FE700ED7D99 /* CoreLocation.framework */ = {isa = PBXFileReference; lastKnownFileType = wrapper.framework; name = CoreLocation.framework; path = System/Library/Frameworks/CoreLocation.framework; sourceTree = SDKROOT; };
		74A60FBD2B21EA9D00398A10 /* SessionTableView.swift */ = {isa = PBXFileReference; lastKnownFileType = sourcecode.swift; path = SessionTableView.swift; sourceTree = "<group>"; };
		74A60FBF2B22EB8700398A10 /* MultiUserVM.swift */ = {isa = PBXFileReference; lastKnownFileType = sourcecode.swift; path = MultiUserVM.swift; sourceTree = "<group>"; };
		74A60FC12B22EBF300398A10 /* ChatManager.swift */ = {isa = PBXFileReference; lastKnownFileType = sourcecode.swift; path = ChatManager.swift; sourceTree = "<group>"; };
		74A8F9142B182C3500AE63F5 /* ExploreVM.swift */ = {isa = PBXFileReference; lastKnownFileType = sourcecode.swift; path = ExploreVM.swift; sourceTree = "<group>"; };
		74A8F9162B18379600AE63F5 /* CreateVM.swift */ = {isa = PBXFileReference; lastKnownFileType = sourcecode.swift; path = CreateVM.swift; sourceTree = "<group>"; };
		74A8F91B2B18391F00AE63F5 /* Box.swift */ = {isa = PBXFileReference; lastKnownFileType = sourcecode.swift; path = Box.swift; sourceTree = "<group>"; };
		74A8F91D2B18407E00AE63F5 /* ExploreSiteVM.swift */ = {isa = PBXFileReference; lastKnownFileType = sourcecode.swift; path = ExploreSiteVM.swift; sourceTree = "<group>"; };
		74A8F91F2B186FF000AE63F5 /* FirestoreManager+Search.swift */ = {isa = PBXFileReference; lastKnownFileType = sourcecode.swift; path = "FirestoreManager+Search.swift"; sourceTree = "<group>"; };
		74B8284F2B04DABB00A42850 /* DeclaritiveExtension.swift */ = {isa = PBXFileReference; lastKnownFileType = sourcecode.swift; path = DeclaritiveExtension.swift; sourceTree = "<group>"; };
		74B828512B04DB2300A42850 /* UIColorExtension.swift */ = {isa = PBXFileReference; lastKnownFileType = sourcecode.swift; path = UIColorExtension.swift; sourceTree = "<group>"; };
		74B828532B04DB7700A42850 /* ModuleTableViewCell.swift */ = {isa = PBXFileReference; fileEncoding = 4; lastKnownFileType = sourcecode.swift; path = ModuleTableViewCell.swift; sourceTree = "<group>"; };
		74B828542B04DB7700A42850 /* ModuleTableView.swift */ = {isa = PBXFileReference; fileEncoding = 4; lastKnownFileType = sourcecode.swift; path = ModuleTableView.swift; sourceTree = "<group>"; };
		74B828552B04DB7700A42850 /* CreatePackageVC.swift */ = {isa = PBXFileReference; fileEncoding = 4; lastKnownFileType = sourcecode.swift; path = CreatePackageVC.swift; sourceTree = "<group>"; };
		74B8285A2B04DF1900A42850 /* PackageManager.swift */ = {isa = PBXFileReference; lastKnownFileType = sourcecode.swift; path = PackageManager.swift; sourceTree = "<group>"; };
		74B8285C2B04DF8800A42850 /* ExploreSiteVC.swift */ = {isa = PBXFileReference; lastKnownFileType = sourcecode.swift; path = ExploreSiteVC.swift; sourceTree = "<group>"; };
		74C013242B0BD60700569897 /* GradientView.swift */ = {isa = PBXFileReference; lastKnownFileType = sourcecode.swift; path = GradientView.swift; sourceTree = "<group>"; };
		74C63D112B1AED8F0053030B /* LoginVC.swift */ = {isa = PBXFileReference; lastKnownFileType = sourcecode.swift; path = LoginVC.swift; sourceTree = "<group>"; };
		74DE46362B087B2E00B6F648 /* UserModel.swift */ = {isa = PBXFileReference; lastKnownFileType = sourcecode.swift; path = UserModel.swift; sourceTree = "<group>"; };
		74DE46612B0886CD00B6F648 /* FirestoreManager.swift */ = {isa = PBXFileReference; lastKnownFileType = sourcecode.swift; path = FirestoreManager.swift; sourceTree = "<group>"; };
		74DE46632B08995700B6F648 /* TabbarController.swift */ = {isa = PBXFileReference; lastKnownFileType = sourcecode.swift; path = TabbarController.swift; sourceTree = "<group>"; };
		74DE46662B089B9800B6F648 /* ExplorePackageVC.swift */ = {isa = PBXFileReference; lastKnownFileType = sourcecode.swift; path = ExplorePackageVC.swift; sourceTree = "<group>"; };
		74DE466C2B089C2400B6F648 /* ProfileVC.swift */ = {isa = PBXFileReference; lastKnownFileType = sourcecode.swift; path = ProfileVC.swift; sourceTree = "<group>"; };
		74DE466E2B089F8000B6F648 /* NavigationController.swift */ = {isa = PBXFileReference; lastKnownFileType = sourcecode.swift; path = NavigationController.swift; sourceTree = "<group>"; };
		74DE46712B08AD4600B6F648 /* PackageBaseVC.swift */ = {isa = PBXFileReference; lastKnownFileType = sourcecode.swift; path = PackageBaseVC.swift; sourceTree = "<group>"; };
		74DE46732B08B35300B6F648 /* PackageDetailVC.swift */ = {isa = PBXFileReference; lastKnownFileType = sourcecode.swift; path = PackageDetailVC.swift; sourceTree = "<group>"; };
		74DE46752B08B4D000B6F648 /* ExploreTableView.swift */ = {isa = PBXFileReference; lastKnownFileType = sourcecode.swift; path = ExploreTableView.swift; sourceTree = "<group>"; };
		74DE46772B08B4E500B6F648 /* ExploreTableViewCell.swift */ = {isa = PBXFileReference; lastKnownFileType = sourcecode.swift; path = ExploreTableViewCell.swift; sourceTree = "<group>"; };
		74E209512B2D7B9600477E13 /* TabbarVM.swift */ = {isa = PBXFileReference; lastKnownFileType = sourcecode.swift; path = TabbarVM.swift; sourceTree = "<group>"; };
		74E453A02B0F16780017BDCD /* FirestoreManager+Transaction.swift */ = {isa = PBXFileReference; lastKnownFileType = sourcecode.swift; path = "FirestoreManager+Transaction.swift"; sourceTree = "<group>"; };
		74E453A32B0F22CB0017BDCD /* MultiUserVC.swift */ = {isa = PBXFileReference; lastKnownFileType = sourcecode.swift; path = MultiUserVC.swift; sourceTree = "<group>"; };
		74F796BE2B0CA4E40055E72F /* ScrollView.swift */ = {isa = PBXFileReference; lastKnownFileType = sourcecode.swift; path = ScrollView.swift; sourceTree = "<group>"; };
		976304C3E129BD30346D3EE6 /* Pods-save-the-date.release.xcconfig */ = {isa = PBXFileReference; includeInIndex = 1; lastKnownFileType = text.xcconfig; name = "Pods-save-the-date.release.xcconfig"; path = "Target Support Files/Pods-save-the-date/Pods-save-the-date.release.xcconfig"; sourceTree = "<group>"; };
		BF3C3244F20A7471CA3A602F /* Pods_save_the_date.framework */ = {isa = PBXFileReference; explicitFileType = wrapper.framework; includeInIndex = 0; path = Pods_save_the_date.framework; sourceTree = BUILT_PRODUCTS_DIR; };
/* End PBXFileReference section */

/* Begin PBXFrameworksBuildPhase section */
		742CD0692B04C36C00CA3011 /* Frameworks */ = {
			isa = PBXFrameworksBuildPhase;
			buildActionMask = 2147483647;
			files = (
				74DE46562B0885F900B6F648 /* FirebaseMessaging in Frameworks */,
				74DE46602B0885F900B6F648 /* FirebaseStorageCombine-Community in Frameworks */,
				74363FD02B1B10C1000AE762 /* FirebaseInAppMessagingSwift-Beta in Frameworks */,
				74363FCA2B1B10C1000AE762 /* FirebaseFunctions in Frameworks */,
				74918CBD2B072FE700ED7D99 /* CoreLocation.framework in Frameworks */,
				74DE465C2B0885F900B6F648 /* FirebaseRemoteConfigSwift in Frameworks */,
				74DE46422B0885F900B6F648 /* FirebaseAnalyticsWithoutAdIdSupport in Frameworks */,
				BBD4622B9ECDCDBFD3DA8338 /* Pods_save_the_date.framework in Frameworks */,
				74363FBE2B1B10C1000AE762 /* FirebaseDatabase in Frameworks */,
				74363FDA2B1B10C1000AE762 /* FirebaseRemoteConfig in Frameworks */,
				74363FE02B1B10C1000AE762 /* FirebaseStorageCombine-Community in Frameworks */,
				74363FAC2B1B10C1000AE762 /* FirebaseAnalytics in Frameworks */,
				74DE464A2B0885F900B6F648 /* FirebaseFirestore in Frameworks */,
				74363FB62B1B10C1000AE762 /* FirebaseAppDistribution-Beta in Frameworks */,
				74363FD22B1B10C1000AE762 /* FirebaseInstallations in Frameworks */,
				74363FCC2B1B10C1000AE762 /* FirebaseFunctionsCombine-Community in Frameworks */,
				74DE463C2B0885F900B6F648 /* FirebaseAnalytics in Frameworks */,
				74DE464C2B0885F900B6F648 /* FirebaseFirestoreCombine-Community in Frameworks */,
				74DE46442B0885F900B6F648 /* FirebaseAppCheck in Frameworks */,
				74363FC62B1B10C1000AE762 /* FirebaseFirestoreCombine-Community in Frameworks */,
				74363FBA2B1B10C1000AE762 /* FirebaseAuthCombine-Community in Frameworks */,
				74DE46522B0885F900B6F648 /* FirebaseFunctionsCombine-Community in Frameworks */,
				74363FB02B1B10C1000AE762 /* FirebaseAnalyticsSwift in Frameworks */,
				74DE465A2B0885F900B6F648 /* FirebaseRemoteConfig in Frameworks */,
				74363FD82B1B10C1000AE762 /* FirebasePerformance in Frameworks */,
				74363FB42B1B10C1000AE762 /* FirebaseAppCheck in Frameworks */,
				74363FDE2B1B10C1000AE762 /* FirebaseStorage in Frameworks */,
				74DE46582B0885F900B6F648 /* FirebasePerformance in Frameworks */,
				74DE46482B0885F900B6F648 /* FirebaseDynamicLinks in Frameworks */,
				74DE465E2B0885F900B6F648 /* FirebaseStorage in Frameworks */,
				74363FC42B1B10C1000AE762 /* FirebaseFirestore in Frameworks */,
				74363FD42B1B10C1000AE762 /* FirebaseMLModelDownloader in Frameworks */,
				74363FB82B1B10C1000AE762 /* FirebaseAuth in Frameworks */,
				74363FCE2B1B10C1000AE762 /* FirebaseInAppMessaging-Beta in Frameworks */,
				74DE463E2B0885F900B6F648 /* FirebaseAnalyticsOnDeviceConversion in Frameworks */,
				74363FC22B1B10C1000AE762 /* FirebaseDynamicLinks in Frameworks */,
				74363FAE2B1B10C1000AE762 /* FirebaseAnalyticsOnDeviceConversion in Frameworks */,
				74363FC02B1B10C1000AE762 /* FirebaseDatabaseSwift in Frameworks */,
				74DE46502B0885F900B6F648 /* FirebaseFunctions in Frameworks */,
				74DE46402B0885F900B6F648 /* FirebaseAnalyticsSwift in Frameworks */,
				74363FB22B1B10C1000AE762 /* FirebaseAnalyticsWithoutAdIdSupport in Frameworks */,
				74DE46462B0885F900B6F648 /* FirebaseAppDistribution-Beta in Frameworks */,
				74363FBC2B1B10C1000AE762 /* FirebaseCrashlytics in Frameworks */,
				74363FDC2B1B10C1000AE762 /* FirebaseRemoteConfigSwift in Frameworks */,
				74DE464E2B0885F900B6F648 /* FirebaseFirestoreSwift in Frameworks */,
				74DE46542B0885F900B6F648 /* FirebaseInAppMessaging-Beta in Frameworks */,
				74363FC82B1B10C1000AE762 /* FirebaseFirestoreSwift in Frameworks */,
				74363FD62B1B10C1000AE762 /* FirebaseMessaging in Frameworks */,
			);
			runOnlyForDeploymentPostprocessing = 0;
		};
/* End PBXFrameworksBuildPhase section */

/* Begin PBXGroup section */
		742CD0632B04C36C00CA3011 = {
			isa = PBXGroup;
			children = (
				74898ECF2B26E18C0075997A /* Animations */,
				742CD06E2B04C36C00CA3011 /* save-the-date */,
				742CD06D2B04C36C00CA3011 /* Products */,
				EC1F0C4677D36EE4ADBC45E2 /* Pods */,
				F16D00E7425E71BCC6A4AA31 /* Frameworks */,
			);
			sourceTree = "<group>";
		};
		742CD06D2B04C36C00CA3011 /* Products */ = {
			isa = PBXGroup;
			children = (
				742CD06C2B04C36C00CA3011 /* save-the-date.app */,
			);
			name = Products;
			sourceTree = "<group>";
		};
		742CD06E2B04C36C00CA3011 /* save-the-date */ = {
			isa = PBXGroup;
			children = (
				7486BCF32B242933008808B4 /* save-the-date.entitlements */,
				748728262B15B3E900EB347F /* ThirdPartyWrapper */,
				74B8284E2B04DA8B00A42850 /* Extension */,
				744B57162B05D7A000B3ABAA /* Model */,
				74B828592B04DF0D00A42850 /* Manager */,
				74B8284D2B04D99300A42850 /* VC */,
				742CD06F2B04C36C00CA3011 /* AppDelegate.swift */,
				742CD0712B04C36C00CA3011 /* SceneDelegate.swift */,
				742CD0752B04C36D00CA3011 /* Main.storyboard */,
				742CD0782B04C36E00CA3011 /* Assets.xcassets */,
				742CD07A2B04C36E00CA3011 /* LaunchScreen.storyboard */,
				742CD07D2B04C36E00CA3011 /* Info.plist */,
				7443C0EF2B1B02F300EDA21A /* GoogleService-Info.plist */,
			);
			path = "save-the-date";
			sourceTree = "<group>";
		};
		7432EFF02B21CD39008D2280 /* View */ = {
			isa = PBXGroup;
			children = (
				7432EFE42B207439008D2280 /* CustomShape.swift */,
				7432EFE22B207439008D2280 /* ChatLeftTableViewCell.swift */,
				7432EFE02B207439008D2280 /* ChatRightTableViewCell.swift */,
				7432EFE12B207439008D2280 /* ChatTableView.swift */,
				7432EFF12B21CD84008D2280 /* SessionTableViewCell.swift */,
				74A60FBD2B21EA9D00398A10 /* SessionTableView.swift */,
			);
			path = View;
			sourceTree = "<group>";
		};
		74363FE12B1B1654000AE762 /* LoginVC */ = {
			isa = PBXGroup;
			children = (
				74C63D112B1AED8F0053030B /* LoginVC.swift */,
				74363FE22B1B166A000AE762 /* LoginVM.swift */,
			);
			path = LoginVC;
			sourceTree = "<group>";
		};
		744B57162B05D7A000B3ABAA /* Model */ = {
			isa = PBXGroup;
			children = (
				744B57172B05D7AF00B3ABAA /* PackageModel.swift */,
				74DE46362B087B2E00B6F648 /* UserModel.swift */,
				748023EC2B0B390100878B12 /* SelectionModel.swift */,
				74225BF02B19B1BE00D408C1 /* ExploreModel.swift */,
				7432EFEA2B20775F008D2280 /* ChatModel.swift */,
				7486BCF82B25B4EF008808B4 /* RequestModel.swift */,
			);
			path = Model;
			sourceTree = "<group>";
		};
		744B571F2B06089400B3ABAA /* Transp */ = {
			isa = PBXGroup;
			children = (
				74A8F91A2B18380D00AE63F5 /* View */,
				744B57202B06092500B3ABAA /* TranspVC.swift */,
				7427B20E2B27F0B100B10EDA /* TranspVM.swift */,
			);
			path = Transp;
			sourceTree = "<group>";
		};
		747EDCB22B0DF9C900B0FA58 /* Create */ = {
			isa = PBXGroup;
			children = (
				747EDCB42B0DF9DE00B0FA58 /* VC */,
				747EDCB32B0DF9D800B0FA58 /* View */,
			);
			path = Create;
			sourceTree = "<group>";
		};
		747EDCB32B0DF9D800B0FA58 /* View */ = {
			isa = PBXGroup;
			children = (
				74B828532B04DB7700A42850 /* ModuleTableViewCell.swift */,
				74B828542B04DB7700A42850 /* ModuleTableView.swift */,
				748023E72B09EC3C00878B12 /* DayHeaderView.swift */,
				74C013242B0BD60700569897 /* GradientView.swift */,
			);
			path = View;
			sourceTree = "<group>";
		};
		747EDCB42B0DF9DE00B0FA58 /* VC */ = {
			isa = PBXGroup;
			children = (
				74B828552B04DB7700A42850 /* CreatePackageVC.swift */,
			);
			path = VC;
			sourceTree = "<group>";
		};
		748023E92B0A124700878B12 /* Route */ = {
			isa = PBXGroup;
			children = (
				7439AFEC2B074F6700A28C09 /* RouteVC.swift */,
			);
			path = Route;
			sourceTree = "<group>";
		};
		748728262B15B3E900EB347F /* ThirdPartyWrapper */ = {
			isa = PBXGroup;
			children = (
				748728272B15B41200EB347F /* JGProgressHUDWrapper.swift */,
			);
			path = ThirdPartyWrapper;
			sourceTree = "<group>";
		};
		74898ECF2B26E18C0075997A /* Animations */ = {
			isa = PBXGroup;
			children = (
				7427B2142B28011800B10EDA /* Weather.json */,
				74898EFA2B2723650075997A /* LoginBG.json */,
				74898EEE2B2701400075997A /* ChatBG.json */,
				74898EEA2B26F9B90075997A /* MenuHint.json */,
			);
			path = Animations;
			sourceTree = "<group>";
		};
		74A8F9182B1837C500AE63F5 /* VC */ = {
			isa = PBXGroup;
			children = (
				74DE46732B08B35300B6F648 /* PackageDetailVC.swift */,
				74DE46662B089B9800B6F648 /* ExplorePackageVC.swift */,
			);
			path = VC;
			sourceTree = "<group>";
		};
		74A8F9192B1837EC00AE63F5 /* View */ = {
			isa = PBXGroup;
			children = (
				74DE46752B08B4D000B6F648 /* ExploreTableView.swift */,
				74DE46772B08B4E500B6F648 /* ExploreTableViewCell.swift */,
				74F796BE2B0CA4E40055E72F /* ScrollView.swift */,
				7486BCF62B2587E9008808B4 /* HeaderView.swift */,
			);
			path = View;
			sourceTree = "<group>";
		};
		74A8F91A2B18380D00AE63F5 /* View */ = {
			isa = PBXGroup;
			children = (
				744B57222B0609AC00B3ABAA /* TransTableView.swift */,
				744B57242B0609DE00B3ABAA /* TranspTableViewCell.swift */,
			);
			path = View;
			sourceTree = "<group>";
		};
		74B8284D2B04D99300A42850 /* VC */ = {
			isa = PBXGroup;
			children = (
				74E209512B2D7B9600477E13 /* TabbarVM.swift */,
				74DE46632B08995700B6F648 /* TabbarController.swift */,
				74DE466E2B089F8000B6F648 /* NavigationController.swift */,
				74363FE12B1B1654000AE762 /* LoginVC */,
				74DE466B2B089C1900B6F648 /* Profile */,
				74DE46682B089BE400B6F648 /* Chat */,
				74DE46652B089B6A00B6F648 /* ExplorePackage */,
				74B8285E2B04DFD800A42850 /* CreatePackage */,
				74DE46702B08AD1000B6F648 /* BaseVC */,
			);
			path = VC;
			sourceTree = "<group>";
		};
		74B8284E2B04DA8B00A42850 /* Extension */ = {
			isa = PBXGroup;
			children = (
				74B8284F2B04DABB00A42850 /* DeclaritiveExtension.swift */,
				74B828512B04DB2300A42850 /* UIColorExtension.swift */,
			);
			path = Extension;
			sourceTree = "<group>";
		};
		74B828592B04DF0D00A42850 /* Manager */ = {
			isa = PBXGroup;
			children = (
				74B8285A2B04DF1900A42850 /* PackageManager.swift */,
				744B57142B05D59400B3ABAA /* GooglePlacesManager.swift */,
				744B57262B060C9200B3ABAA /* TranspManager.swift */,
				7439AFEE2B0753FE00A28C09 /* RouteManager.swift */,
				74DE46612B0886CD00B6F648 /* FirestoreManager.swift */,
				74E453A02B0F16780017BDCD /* FirestoreManager+Transaction.swift */,
				74A8F91F2B186FF000AE63F5 /* FirestoreManager+Search.swift */,
				74363FE62B1B4AA3000AE762 /* UserManager.swift */,
				7432EFEC2B207D4C008D2280 /* FirestoreManager+Chat.swift */,
				74A60FC12B22EBF300398A10 /* ChatManager.swift */,
				7486BCFA2B25B6F9008808B4 /* FirestoreManager+Request.swift */,
				74426E0F2B2B1D2200A636D5 /* FirestoreManager+CloudStorage.swift */,
			);
			path = Manager;
			sourceTree = "<group>";
		};
		74B8285E2B04DFD800A42850 /* CreatePackage */ = {
			isa = PBXGroup;
			children = (
				74E453A22B0F22AC0017BDCD /* Multi-user */,
				747EDCB22B0DF9C900B0FA58 /* Create */,
				748023E92B0A124700878B12 /* Route */,
				744B571F2B06089400B3ABAA /* Transp */,
				74B8285F2B04DFE200A42850 /* ExploreSite */,
				74A8F9162B18379600AE63F5 /* CreateVM.swift */,
				74A8F91B2B18391F00AE63F5 /* Box.swift */,
				74A8F91D2B18407E00AE63F5 /* ExploreSiteVM.swift */,
			);
			path = CreatePackage;
			sourceTree = "<group>";
		};
		74B8285F2B04DFE200A42850 /* ExploreSite */ = {
			isa = PBXGroup;
			children = (
				74B8285C2B04DF8800A42850 /* ExploreSiteVC.swift */,
				744B57122B05C57800B3ABAA /* ResultVC.swift */,
				744B571B2B05DBA000B3ABAA /* ResultTableView.swift */,
				744B571D2B05E40B00B3ABAA /* ResultTableViewCell.swift */,
			);
			path = ExploreSite;
			sourceTree = "<group>";
		};
		74DE46652B089B6A00B6F648 /* ExplorePackage */ = {
			isa = PBXGroup;
			children = (
				74A8F9182B1837C500AE63F5 /* VC */,
				74A8F9192B1837EC00AE63F5 /* View */,
				74A8F9142B182C3500AE63F5 /* ExploreVM.swift */,
				7486BCF42B246452008808B4 /* PackageDetailVM.swift */,
			);
			path = ExplorePackage;
			sourceTree = "<group>";
		};
		74DE46682B089BE400B6F648 /* Chat */ = {
			isa = PBXGroup;
			children = (
				7432EFF02B21CD39008D2280 /* View */,
				7432EFEE2B215907008D2280 /* ChatVM.swift */,
				7432EFE32B207439008D2280 /* ChatVC.swift */,
			);
			path = Chat;
			sourceTree = "<group>";
		};
		74DE466B2B089C1900B6F648 /* Profile */ = {
			isa = PBXGroup;
			children = (
				748023EA2B0B38DA00878B12 /* SelectionView.swift */,
				74DE466C2B089C2400B6F648 /* ProfileVC.swift */,
				74363FE42B1B2072000AE762 /* ProfileVM.swift */,
				7474AC122B303A2100F673C7 /* ProfileVC+Constraint.swift */,
			);
			path = Profile;
			sourceTree = "<group>";
		};
		74DE46702B08AD1000B6F648 /* BaseVC */ = {
			isa = PBXGroup;
			children = (
				74DE46712B08AD4600B6F648 /* PackageBaseVC.swift */,
				747AF5CD2B08BD0000091CD9 /* ExploreBaseVC.swift */,
			);
			path = BaseVC;
			sourceTree = "<group>";
		};
		74E453A22B0F22AC0017BDCD /* Multi-user */ = {
			isa = PBXGroup;
			children = (
				74E453A32B0F22CB0017BDCD /* MultiUserVC.swift */,
				74A60FBF2B22EB8700398A10 /* MultiUserVM.swift */,
			);
			path = "Multi-user";
			sourceTree = "<group>";
		};
		EC1F0C4677D36EE4ADBC45E2 /* Pods */ = {
			isa = PBXGroup;
			children = (
				0C21406B870A2F9BBBD75184 /* Pods-save-the-date.debug.xcconfig */,
				976304C3E129BD30346D3EE6 /* Pods-save-the-date.release.xcconfig */,
			);
			path = Pods;
			sourceTree = "<group>";
		};
		F16D00E7425E71BCC6A4AA31 /* Frameworks */ = {
			isa = PBXGroup;
			children = (
				74918CBC2B072FE700ED7D99 /* CoreLocation.framework */,
				BF3C3244F20A7471CA3A602F /* Pods_save_the_date.framework */,
			);
			name = Frameworks;
			sourceTree = "<group>";
		};
/* End PBXGroup section */

/* Begin PBXNativeTarget section */
		742CD06B2B04C36C00CA3011 /* save-the-date */ = {
			isa = PBXNativeTarget;
			buildConfigurationList = 742CD0802B04C36E00CA3011 /* Build configuration list for PBXNativeTarget "save-the-date" */;
			buildPhases = (
				031027D8A2233AA78CE56A6C /* [CP] Check Pods Manifest.lock */,
				742CD0682B04C36C00CA3011 /* Sources */,
				742CD0692B04C36C00CA3011 /* Frameworks */,
				742CD06A2B04C36C00CA3011 /* Resources */,
				742CD0832B04C7C000CA3011 /* ShellScript */,
				EEEF02E0966CC6409D5CE58C /* [CP] Embed Pods Frameworks */,
				133F06EE0C4551EECDDB7D3D /* [CP] Copy Pods Resources */,
				745BA1EF2B29926000398C71 /* ShellScript */,
			);
			buildRules = (
			);
			dependencies = (
			);
			name = "save-the-date";
			packageProductDependencies = (
				74DE463B2B0885F900B6F648 /* FirebaseAnalytics */,
				74DE463D2B0885F900B6F648 /* FirebaseAnalyticsOnDeviceConversion */,
				74DE463F2B0885F900B6F648 /* FirebaseAnalyticsSwift */,
				74DE46412B0885F900B6F648 /* FirebaseAnalyticsWithoutAdIdSupport */,
				74DE46432B0885F900B6F648 /* FirebaseAppCheck */,
				74DE46452B0885F900B6F648 /* FirebaseAppDistribution-Beta */,
				74DE46472B0885F900B6F648 /* FirebaseDynamicLinks */,
				74DE46492B0885F900B6F648 /* FirebaseFirestore */,
				74DE464B2B0885F900B6F648 /* FirebaseFirestoreCombine-Community */,
				74DE464D2B0885F900B6F648 /* FirebaseFirestoreSwift */,
				74DE464F2B0885F900B6F648 /* FirebaseFunctions */,
				74DE46512B0885F900B6F648 /* FirebaseFunctionsCombine-Community */,
				74DE46532B0885F900B6F648 /* FirebaseInAppMessaging-Beta */,
				74DE46552B0885F900B6F648 /* FirebaseMessaging */,
				74DE46572B0885F900B6F648 /* FirebasePerformance */,
				74DE46592B0885F900B6F648 /* FirebaseRemoteConfig */,
				74DE465B2B0885F900B6F648 /* FirebaseRemoteConfigSwift */,
				74DE465D2B0885F900B6F648 /* FirebaseStorage */,
				74DE465F2B0885F900B6F648 /* FirebaseStorageCombine-Community */,
				74363FAB2B1B10C1000AE762 /* FirebaseAnalytics */,
				74363FAD2B1B10C1000AE762 /* FirebaseAnalyticsOnDeviceConversion */,
				74363FAF2B1B10C1000AE762 /* FirebaseAnalyticsSwift */,
				74363FB12B1B10C1000AE762 /* FirebaseAnalyticsWithoutAdIdSupport */,
				74363FB32B1B10C1000AE762 /* FirebaseAppCheck */,
				74363FB52B1B10C1000AE762 /* FirebaseAppDistribution-Beta */,
				74363FB72B1B10C1000AE762 /* FirebaseAuth */,
				74363FB92B1B10C1000AE762 /* FirebaseAuthCombine-Community */,
				74363FBB2B1B10C1000AE762 /* FirebaseCrashlytics */,
				74363FBD2B1B10C1000AE762 /* FirebaseDatabase */,
				74363FBF2B1B10C1000AE762 /* FirebaseDatabaseSwift */,
				74363FC12B1B10C1000AE762 /* FirebaseDynamicLinks */,
				74363FC32B1B10C1000AE762 /* FirebaseFirestore */,
				74363FC52B1B10C1000AE762 /* FirebaseFirestoreCombine-Community */,
				74363FC72B1B10C1000AE762 /* FirebaseFirestoreSwift */,
				74363FC92B1B10C1000AE762 /* FirebaseFunctions */,
				74363FCB2B1B10C1000AE762 /* FirebaseFunctionsCombine-Community */,
				74363FCD2B1B10C1000AE762 /* FirebaseInAppMessaging-Beta */,
				74363FCF2B1B10C1000AE762 /* FirebaseInAppMessagingSwift-Beta */,
				74363FD12B1B10C1000AE762 /* FirebaseInstallations */,
				74363FD32B1B10C1000AE762 /* FirebaseMLModelDownloader */,
				74363FD52B1B10C1000AE762 /* FirebaseMessaging */,
				74363FD72B1B10C1000AE762 /* FirebasePerformance */,
				74363FD92B1B10C1000AE762 /* FirebaseRemoteConfig */,
				74363FDB2B1B10C1000AE762 /* FirebaseRemoteConfigSwift */,
				74363FDD2B1B10C1000AE762 /* FirebaseStorage */,
				74363FDF2B1B10C1000AE762 /* FirebaseStorageCombine-Community */,
			);
			productName = "save-the-date";
			productReference = 742CD06C2B04C36C00CA3011 /* save-the-date.app */;
			productType = "com.apple.product-type.application";
		};
/* End PBXNativeTarget section */

/* Begin PBXProject section */
		742CD0642B04C36C00CA3011 /* Project object */ = {
			isa = PBXProject;
			attributes = {
				BuildIndependentTargetsInParallel = 1;
				LastSwiftUpdateCheck = 1500;
				LastUpgradeCheck = 1500;
				TargetAttributes = {
					742CD06B2B04C36C00CA3011 = {
						CreatedOnToolsVersion = 15.0.1;
					};
				};
			};
			buildConfigurationList = 742CD0672B04C36C00CA3011 /* Build configuration list for PBXProject "save-the-date" */;
			compatibilityVersion = "Xcode 14.0";
			developmentRegion = en;
			hasScannedForEncodings = 0;
			knownRegions = (
				en,
				Base,
			);
			mainGroup = 742CD0632B04C36C00CA3011;
			packageReferences = (
				74DE463A2B0885F900B6F648 /* XCRemoteSwiftPackageReference "firebase-ios-sdk" */,
			);
			productRefGroup = 742CD06D2B04C36C00CA3011 /* Products */;
			projectDirPath = "";
			projectRoot = "";
			targets = (
				742CD06B2B04C36C00CA3011 /* save-the-date */,
			);
		};
/* End PBXProject section */

/* Begin PBXResourcesBuildPhase section */
		742CD06A2B04C36C00CA3011 /* Resources */ = {
			isa = PBXResourcesBuildPhase;
			buildActionMask = 2147483647;
			files = (
				74898EEF2B2701400075997A /* ChatBG.json in Resources */,
				742CD07C2B04C36E00CA3011 /* LaunchScreen.storyboard in Resources */,
				7443C0F02B1B02F400EDA21A /* GoogleService-Info.plist in Resources */,
				742CD0792B04C36E00CA3011 /* Assets.xcassets in Resources */,
				7427B2152B28011800B10EDA /* Weather.json in Resources */,
				742CD0772B04C36D00CA3011 /* Main.storyboard in Resources */,
				74898EEB2B26F9B90075997A /* MenuHint.json in Resources */,
				74898EFB2B2723650075997A /* LoginBG.json in Resources */,
			);
			runOnlyForDeploymentPostprocessing = 0;
		};
/* End PBXResourcesBuildPhase section */

/* Begin PBXShellScriptBuildPhase section */
		031027D8A2233AA78CE56A6C /* [CP] Check Pods Manifest.lock */ = {
			isa = PBXShellScriptBuildPhase;
			buildActionMask = 2147483647;
			files = (
			);
			inputFileListPaths = (
			);
			inputPaths = (
				"${PODS_PODFILE_DIR_PATH}/Podfile.lock",
				"${PODS_ROOT}/Manifest.lock",
			);
			name = "[CP] Check Pods Manifest.lock";
			outputFileListPaths = (
			);
			outputPaths = (
				"$(DERIVED_FILE_DIR)/Pods-save-the-date-checkManifestLockResult.txt",
			);
			runOnlyForDeploymentPostprocessing = 0;
			shellPath = /bin/sh;
			shellScript = "diff \"${PODS_PODFILE_DIR_PATH}/Podfile.lock\" \"${PODS_ROOT}/Manifest.lock\" > /dev/null\nif [ $? != 0 ] ; then\n    # print error to STDERR\n    echo \"error: The sandbox is not in sync with the Podfile.lock. Run 'pod install' or update your CocoaPods installation.\" >&2\n    exit 1\nfi\n# This output is used by Xcode 'outputs' to avoid re-running this script phase.\necho \"SUCCESS\" > \"${SCRIPT_OUTPUT_FILE_0}\"\n";
			showEnvVarsInLog = 0;
		};
		133F06EE0C4551EECDDB7D3D /* [CP] Copy Pods Resources */ = {
			isa = PBXShellScriptBuildPhase;
			buildActionMask = 2147483647;
			files = (
			);
			inputFileListPaths = (
				"${PODS_ROOT}/Target Support Files/Pods-save-the-date/Pods-save-the-date-resources-${CONFIGURATION}-input-files.xcfilelist",
			);
			name = "[CP] Copy Pods Resources";
			outputFileListPaths = (
				"${PODS_ROOT}/Target Support Files/Pods-save-the-date/Pods-save-the-date-resources-${CONFIGURATION}-output-files.xcfilelist",
			);
			runOnlyForDeploymentPostprocessing = 0;
			shellPath = /bin/sh;
			shellScript = "\"${PODS_ROOT}/Target Support Files/Pods-save-the-date/Pods-save-the-date-resources.sh\"\n";
			showEnvVarsInLog = 0;
		};
		742CD0832B04C7C000CA3011 /* ShellScript */ = {
			isa = PBXShellScriptBuildPhase;
			buildActionMask = 2147483647;
			files = (
			);
			inputFileListPaths = (
			);
			inputPaths = (
			);
			outputFileListPaths = (
			);
			outputPaths = (
			);
			runOnlyForDeploymentPostprocessing = 0;
			shellPath = /bin/sh;
			shellScript = "\"${PODS_ROOT}/SwiftLint/swiftlint\"\n";
		};
		745BA1EF2B29926000398C71 /* ShellScript */ = {
			isa = PBXShellScriptBuildPhase;
			buildActionMask = 2147483647;
			files = (
			);
			inputFileListPaths = (
			);
			inputPaths = (
				"${DWARF_DSYM_FOLDER_PATH}/${DWARF_DSYM_FILE_NAME}",
				"${DWARF_DSYM_FOLDER_PATH}/${DWARF_DSYM_FILE_NAME}/Contents/Resources/DWARF/${PRODUCT_NAME}",
				"${DWARF_DSYM_FOLDER_PATH}/${DWARF_DSYM_FILE_NAME}/Contents/Info.plist",
				"$(TARGET_BUILD_DIR)/$(UNLOCALIZED_RESOURCES_FOLDER_PATH)/GoogleService-Info.plist",
				"$(TARGET_BUILD_DIR)/$(EXECUTABLE_PATH)",
			);
			outputFileListPaths = (
			);
			outputPaths = (
			);
			runOnlyForDeploymentPostprocessing = 0;
			shellPath = /bin/sh;
			shellScript = "# Type a script or drag a script file from your workspace to insert its path.\n\"${BUILD_DIR%/Build/*}/SourcePackages/checkouts/firebase-ios-sdk/Crashlytics/run\"\n";
		};
		EEEF02E0966CC6409D5CE58C /* [CP] Embed Pods Frameworks */ = {
			isa = PBXShellScriptBuildPhase;
			buildActionMask = 2147483647;
			files = (
			);
			inputFileListPaths = (
				"${PODS_ROOT}/Target Support Files/Pods-save-the-date/Pods-save-the-date-frameworks-${CONFIGURATION}-input-files.xcfilelist",
			);
			name = "[CP] Embed Pods Frameworks";
			outputFileListPaths = (
				"${PODS_ROOT}/Target Support Files/Pods-save-the-date/Pods-save-the-date-frameworks-${CONFIGURATION}-output-files.xcfilelist",
			);
			runOnlyForDeploymentPostprocessing = 0;
			shellPath = /bin/sh;
			shellScript = "\"${PODS_ROOT}/Target Support Files/Pods-save-the-date/Pods-save-the-date-frameworks.sh\"\n";
			showEnvVarsInLog = 0;
		};
/* End PBXShellScriptBuildPhase section */

/* Begin PBXSourcesBuildPhase section */
		742CD0682B04C36C00CA3011 /* Sources */ = {
			isa = PBXSourcesBuildPhase;
			buildActionMask = 2147483647;
			files = (
				74B828562B04DB7700A42850 /* ModuleTableViewCell.swift in Sources */,
				747AF5CE2B08BD0000091CD9 /* ExploreBaseVC.swift in Sources */,
				7432EFE72B207439008D2280 /* ChatLeftTableViewCell.swift in Sources */,
				7432EFEB2B20775F008D2280 /* ChatModel.swift in Sources */,
				74DE46642B08995700B6F648 /* TabbarController.swift in Sources */,
				74DE46372B087B2E00B6F648 /* UserModel.swift in Sources */,
				744B57182B05D7AF00B3ABAA /* PackageModel.swift in Sources */,
				7486BCF92B25B4EF008808B4 /* RequestModel.swift in Sources */,
				74363FE52B1B2072000AE762 /* ProfileVM.swift in Sources */,
				744B57252B0609DE00B3ABAA /* TranspTableViewCell.swift in Sources */,
				7432EFE82B207439008D2280 /* ChatVC.swift in Sources */,
				74DE46622B0886CD00B6F648 /* FirestoreManager.swift in Sources */,
				74225BF12B19B1BE00D408C1 /* ExploreModel.swift in Sources */,
				744B57272B060C9200B3ABAA /* TranspManager.swift in Sources */,
				74A60FC02B22EB8700398A10 /* MultiUserVM.swift in Sources */,
				744B571E2B05E40B00B3ABAA /* ResultTableViewCell.swift in Sources */,
				74A8F91E2B18407E00AE63F5 /* ExploreSiteVM.swift in Sources */,
				7432EFED2B207D4C008D2280 /* FirestoreManager+Chat.swift in Sources */,
				74DE466D2B089C2400B6F648 /* ProfileVC.swift in Sources */,
				74A60FBE2B21EA9D00398A10 /* SessionTableView.swift in Sources */,
				74DE46742B08B35300B6F648 /* PackageDetailVC.swift in Sources */,
				748023ED2B0B390100878B12 /* SelectionModel.swift in Sources */,
				74E453A12B0F16780017BDCD /* FirestoreManager+Transaction.swift in Sources */,
				74F796BF2B0CA4E40055E72F /* ScrollView.swift in Sources */,
				744B57212B06092500B3ABAA /* TranspVC.swift in Sources */,
				74363FE72B1B4AA3000AE762 /* UserManager.swift in Sources */,
				7474AC132B303A2100F673C7 /* ProfileVC+Constraint.swift in Sources */,
				74A60FC22B22EBF300398A10 /* ChatManager.swift in Sources */,
				74A8F9172B18379600AE63F5 /* CreateVM.swift in Sources */,
				744B57152B05D59400B3ABAA /* GooglePlacesManager.swift in Sources */,
				74363FE32B1B166A000AE762 /* LoginVM.swift in Sources */,
				744B571C2B05DBA000B3ABAA /* ResultTableView.swift in Sources */,
				74DE466F2B089F8000B6F648 /* NavigationController.swift in Sources */,
				74DE46722B08AD4600B6F648 /* PackageBaseVC.swift in Sources */,
				748023EB2B0B38DA00878B12 /* SelectionView.swift in Sources */,
				742CD0702B04C36C00CA3011 /* AppDelegate.swift in Sources */,
				74A8F91C2B18391F00AE63F5 /* Box.swift in Sources */,
				74DE46762B08B4D000B6F648 /* ExploreTableView.swift in Sources */,
				74A8F9202B186FF000AE63F5 /* FirestoreManager+Search.swift in Sources */,
				74DE46782B08B4E500B6F648 /* ExploreTableViewCell.swift in Sources */,
				748023E82B09EC3C00878B12 /* DayHeaderView.swift in Sources */,
				74A8F9152B182C3500AE63F5 /* ExploreVM.swift in Sources */,
				7486BCFB2B25B6F9008808B4 /* FirestoreManager+Request.swift in Sources */,
				7432EFEF2B215907008D2280 /* ChatVM.swift in Sources */,
				74B828582B04DB7700A42850 /* CreatePackageVC.swift in Sources */,
				7427B20F2B27F0B100B10EDA /* TranspVM.swift in Sources */,
				74DE46672B089B9800B6F648 /* ExplorePackageVC.swift in Sources */,
				74B828522B04DB2300A42850 /* UIColorExtension.swift in Sources */,
				7432EFE92B207439008D2280 /* CustomShape.swift in Sources */,
				74C013252B0BD60700569897 /* GradientView.swift in Sources */,
				74C63D122B1AED8F0053030B /* LoginVC.swift in Sources */,
				7432EFE52B207439008D2280 /* ChatRightTableViewCell.swift in Sources */,
				74B828572B04DB7700A42850 /* ModuleTableView.swift in Sources */,
				744B57232B0609AC00B3ABAA /* TransTableView.swift in Sources */,
				74E453A42B0F22CB0017BDCD /* MultiUserVC.swift in Sources */,
				744B57132B05C57800B3ABAA /* ResultVC.swift in Sources */,
				7432EFE62B207439008D2280 /* ChatTableView.swift in Sources */,
				74B828502B04DABB00A42850 /* DeclaritiveExtension.swift in Sources */,
				7439AFEF2B0753FE00A28C09 /* RouteManager.swift in Sources */,
				74426E102B2B1D2200A636D5 /* FirestoreManager+CloudStorage.swift in Sources */,
				7486BCF72B2587E9008808B4 /* HeaderView.swift in Sources */,
				74E209522B2D7B9600477E13 /* TabbarVM.swift in Sources */,
				7439AFED2B074F6700A28C09 /* RouteVC.swift in Sources */,
				7486BCF52B246452008808B4 /* PackageDetailVM.swift in Sources */,
				74B8285B2B04DF1900A42850 /* PackageManager.swift in Sources */,
				748728282B15B41200EB347F /* JGProgressHUDWrapper.swift in Sources */,
				74B8285D2B04DF8800A42850 /* ExploreSiteVC.swift in Sources */,
				7432EFF22B21CD84008D2280 /* SessionTableViewCell.swift in Sources */,
				742CD0722B04C36C00CA3011 /* SceneDelegate.swift in Sources */,
			);
			runOnlyForDeploymentPostprocessing = 0;
		};
/* End PBXSourcesBuildPhase section */

/* Begin PBXVariantGroup section */
		742CD0752B04C36D00CA3011 /* Main.storyboard */ = {
			isa = PBXVariantGroup;
			children = (
				742CD0762B04C36D00CA3011 /* Base */,
			);
			name = Main.storyboard;
			sourceTree = "<group>";
		};
		742CD07A2B04C36E00CA3011 /* LaunchScreen.storyboard */ = {
			isa = PBXVariantGroup;
			children = (
				742CD07B2B04C36E00CA3011 /* Base */,
			);
			name = LaunchScreen.storyboard;
			sourceTree = "<group>";
		};
/* End PBXVariantGroup section */

/* Begin XCBuildConfiguration section */
		742CD07E2B04C36E00CA3011 /* Debug */ = {
			isa = XCBuildConfiguration;
			buildSettings = {
				ALWAYS_SEARCH_USER_PATHS = NO;
				ASSETCATALOG_COMPILER_GENERATE_SWIFT_ASSET_SYMBOL_EXTENSIONS = YES;
				CLANG_ANALYZER_NONNULL = YES;
				CLANG_ANALYZER_NUMBER_OBJECT_CONVERSION = YES_AGGRESSIVE;
				CLANG_CXX_LANGUAGE_STANDARD = "gnu++20";
				CLANG_ENABLE_MODULES = YES;
				CLANG_ENABLE_OBJC_ARC = YES;
				CLANG_ENABLE_OBJC_WEAK = YES;
				CLANG_WARN_BLOCK_CAPTURE_AUTORELEASING = YES;
				CLANG_WARN_BOOL_CONVERSION = YES;
				CLANG_WARN_COMMA = YES;
				CLANG_WARN_CONSTANT_CONVERSION = YES;
				CLANG_WARN_DEPRECATED_OBJC_IMPLEMENTATIONS = YES;
				CLANG_WARN_DIRECT_OBJC_ISA_USAGE = YES_ERROR;
				CLANG_WARN_DOCUMENTATION_COMMENTS = YES;
				CLANG_WARN_EMPTY_BODY = YES;
				CLANG_WARN_ENUM_CONVERSION = YES;
				CLANG_WARN_INFINITE_RECURSION = YES;
				CLANG_WARN_INT_CONVERSION = YES;
				CLANG_WARN_NON_LITERAL_NULL_CONVERSION = YES;
				CLANG_WARN_OBJC_IMPLICIT_RETAIN_SELF = YES;
				CLANG_WARN_OBJC_LITERAL_CONVERSION = YES;
				CLANG_WARN_OBJC_ROOT_CLASS = YES_ERROR;
				CLANG_WARN_QUOTED_INCLUDE_IN_FRAMEWORK_HEADER = YES;
				CLANG_WARN_RANGE_LOOP_ANALYSIS = YES;
				CLANG_WARN_STRICT_PROTOTYPES = YES;
				CLANG_WARN_SUSPICIOUS_MOVE = YES;
				CLANG_WARN_UNGUARDED_AVAILABILITY = YES_AGGRESSIVE;
				CLANG_WARN_UNREACHABLE_CODE = YES;
				CLANG_WARN__DUPLICATE_METHOD_MATCH = YES;
				COPY_PHASE_STRIP = NO;
				DEBUG_INFORMATION_FORMAT = dwarf;
				ENABLE_STRICT_OBJC_MSGSEND = YES;
				ENABLE_TESTABILITY = YES;
				ENABLE_USER_SCRIPT_SANDBOXING = NO;
				GCC_C_LANGUAGE_STANDARD = gnu17;
				GCC_DYNAMIC_NO_PIC = NO;
				GCC_NO_COMMON_BLOCKS = YES;
				GCC_OPTIMIZATION_LEVEL = 0;
				GCC_PREPROCESSOR_DEFINITIONS = (
					"DEBUG=1",
					"$(inherited)",
				);
				GCC_WARN_64_TO_32_BIT_CONVERSION = YES;
				GCC_WARN_ABOUT_RETURN_TYPE = YES_ERROR;
				GCC_WARN_UNDECLARED_SELECTOR = YES;
				GCC_WARN_UNINITIALIZED_AUTOS = YES_AGGRESSIVE;
				GCC_WARN_UNUSED_FUNCTION = YES;
				GCC_WARN_UNUSED_VARIABLE = YES;
				IPHONEOS_DEPLOYMENT_TARGET = 17.0;
				LOCALIZATION_PREFERS_STRING_CATALOGS = YES;
				MTL_ENABLE_DEBUG_INFO = INCLUDE_SOURCE;
				MTL_FAST_MATH = YES;
				ONLY_ACTIVE_ARCH = YES;
				SDKROOT = iphoneos;
				SWIFT_ACTIVE_COMPILATION_CONDITIONS = "DEBUG $(inherited)";
				SWIFT_OPTIMIZATION_LEVEL = "-Onone";
			};
			name = Debug;
		};
		742CD07F2B04C36E00CA3011 /* Release */ = {
			isa = XCBuildConfiguration;
			buildSettings = {
				ALWAYS_SEARCH_USER_PATHS = NO;
				ASSETCATALOG_COMPILER_GENERATE_SWIFT_ASSET_SYMBOL_EXTENSIONS = YES;
				CLANG_ANALYZER_NONNULL = YES;
				CLANG_ANALYZER_NUMBER_OBJECT_CONVERSION = YES_AGGRESSIVE;
				CLANG_CXX_LANGUAGE_STANDARD = "gnu++20";
				CLANG_ENABLE_MODULES = YES;
				CLANG_ENABLE_OBJC_ARC = YES;
				CLANG_ENABLE_OBJC_WEAK = YES;
				CLANG_WARN_BLOCK_CAPTURE_AUTORELEASING = YES;
				CLANG_WARN_BOOL_CONVERSION = YES;
				CLANG_WARN_COMMA = YES;
				CLANG_WARN_CONSTANT_CONVERSION = YES;
				CLANG_WARN_DEPRECATED_OBJC_IMPLEMENTATIONS = YES;
				CLANG_WARN_DIRECT_OBJC_ISA_USAGE = YES_ERROR;
				CLANG_WARN_DOCUMENTATION_COMMENTS = YES;
				CLANG_WARN_EMPTY_BODY = YES;
				CLANG_WARN_ENUM_CONVERSION = YES;
				CLANG_WARN_INFINITE_RECURSION = YES;
				CLANG_WARN_INT_CONVERSION = YES;
				CLANG_WARN_NON_LITERAL_NULL_CONVERSION = YES;
				CLANG_WARN_OBJC_IMPLICIT_RETAIN_SELF = YES;
				CLANG_WARN_OBJC_LITERAL_CONVERSION = YES;
				CLANG_WARN_OBJC_ROOT_CLASS = YES_ERROR;
				CLANG_WARN_QUOTED_INCLUDE_IN_FRAMEWORK_HEADER = YES;
				CLANG_WARN_RANGE_LOOP_ANALYSIS = YES;
				CLANG_WARN_STRICT_PROTOTYPES = YES;
				CLANG_WARN_SUSPICIOUS_MOVE = YES;
				CLANG_WARN_UNGUARDED_AVAILABILITY = YES_AGGRESSIVE;
				CLANG_WARN_UNREACHABLE_CODE = YES;
				CLANG_WARN__DUPLICATE_METHOD_MATCH = YES;
				COPY_PHASE_STRIP = NO;
				DEBUG_INFORMATION_FORMAT = "dwarf-with-dsym";
				ENABLE_NS_ASSERTIONS = NO;
				ENABLE_STRICT_OBJC_MSGSEND = YES;
				ENABLE_USER_SCRIPT_SANDBOXING = NO;
				GCC_C_LANGUAGE_STANDARD = gnu17;
				GCC_NO_COMMON_BLOCKS = YES;
				GCC_WARN_64_TO_32_BIT_CONVERSION = YES;
				GCC_WARN_ABOUT_RETURN_TYPE = YES_ERROR;
				GCC_WARN_UNDECLARED_SELECTOR = YES;
				GCC_WARN_UNINITIALIZED_AUTOS = YES_AGGRESSIVE;
				GCC_WARN_UNUSED_FUNCTION = YES;
				GCC_WARN_UNUSED_VARIABLE = YES;
				IPHONEOS_DEPLOYMENT_TARGET = 17.0;
				LOCALIZATION_PREFERS_STRING_CATALOGS = YES;
				MTL_ENABLE_DEBUG_INFO = NO;
				MTL_FAST_MATH = YES;
				SDKROOT = iphoneos;
				SWIFT_COMPILATION_MODE = wholemodule;
				VALIDATE_PRODUCT = YES;
			};
			name = Release;
		};
		742CD0812B04C36E00CA3011 /* Debug */ = {
			isa = XCBuildConfiguration;
			baseConfigurationReference = 0C21406B870A2F9BBBD75184 /* Pods-save-the-date.debug.xcconfig */;
			buildSettings = {
				ASSETCATALOG_COMPILER_APPICON_NAME = AppIcon;
				ASSETCATALOG_COMPILER_GLOBAL_ACCENT_COLOR_NAME = AccentColor;
				CODE_SIGN_ENTITLEMENTS = "save-the-date/save-the-date.entitlements";
				CODE_SIGN_IDENTITY = "Apple Development";
				CODE_SIGN_STYLE = Automatic;
				CURRENT_PROJECT_VERSION = 3;
				DEBUG_INFORMATION_FORMAT = "dwarf-with-dsym";
				DEVELOPMENT_TEAM = U69A9BL6B7;
				GENERATE_INFOPLIST_FILE = YES;
				INFOPLIST_FILE = "save-the-date/Info.plist";
				INFOPLIST_KEY_NSLocationAlwaysUsageDescription = "Please provide your location to get a better user experience when using google map";
				INFOPLIST_KEY_NSLocationUsageDescription = "Please provide your location to get a better user experience when using google map";
				INFOPLIST_KEY_NSLocationWhenInUseUsageDescription = "Please provide your location to get a better user experience when using google map";
				INFOPLIST_KEY_NSPhotoLibraryAddUsageDescription = "Please allow us to access photos from your device to provide a better user experience";
				INFOPLIST_KEY_UIApplicationSupportsIndirectInputEvents = YES;
				INFOPLIST_KEY_UILaunchStoryboardName = LaunchScreen;
				INFOPLIST_KEY_UIMainStoryboardFile = Main;
				INFOPLIST_KEY_UISupportedInterfaceOrientations_iPad = "UIInterfaceOrientationLandscapeLeft UIInterfaceOrientationLandscapeRight UIInterfaceOrientationPortrait";
				IPHONEOS_DEPLOYMENT_TARGET = 16.0;
				LD_RUNPATH_SEARCH_PATHS = (
					"$(inherited)",
					"@executable_path/Frameworks",
				);
				MARKETING_VERSION = 0.2.0;
				PRODUCT_BUNDLE_IDENTIFIER = "com.Jimmy.save-the-date";
				PRODUCT_NAME = "$(TARGET_NAME)";
				PROVISIONING_PROFILE_SPECIFIER = "";
				SUPPORTED_PLATFORMS = "iphoneos iphonesimulator";
				SUPPORTS_MACCATALYST = NO;
				SWIFT_EMIT_LOC_STRINGS = YES;
				SWIFT_VERSION = 5.0;
				TARGETED_DEVICE_FAMILY = 1;
			};
			name = Debug;
		};
		742CD0822B04C36E00CA3011 /* Release */ = {
			isa = XCBuildConfiguration;
			baseConfigurationReference = 976304C3E129BD30346D3EE6 /* Pods-save-the-date.release.xcconfig */;
			buildSettings = {
				ASSETCATALOG_COMPILER_APPICON_NAME = AppIcon;
				ASSETCATALOG_COMPILER_GLOBAL_ACCENT_COLOR_NAME = AccentColor;
				CODE_SIGN_ENTITLEMENTS = "save-the-date/save-the-date.entitlements";
				CODE_SIGN_IDENTITY = "Apple Development";
				CODE_SIGN_STYLE = Automatic;
				CURRENT_PROJECT_VERSION = 3;
				DEVELOPMENT_TEAM = U69A9BL6B7;
				GENERATE_INFOPLIST_FILE = YES;
				INFOPLIST_FILE = "save-the-date/Info.plist";
				INFOPLIST_KEY_NSLocationAlwaysUsageDescription = "Please provide your location to get a better user experience when using google map";
				INFOPLIST_KEY_NSLocationUsageDescription = "Please provide your location to get a better user experience when using google map";
				INFOPLIST_KEY_NSLocationWhenInUseUsageDescription = "Please provide your location to get a better user experience when using google map";
				INFOPLIST_KEY_NSPhotoLibraryAddUsageDescription = "Please allow us to access photos from your device to provide a better user experience";
				INFOPLIST_KEY_UIApplicationSupportsIndirectInputEvents = YES;
				INFOPLIST_KEY_UILaunchStoryboardName = LaunchScreen;
				INFOPLIST_KEY_UIMainStoryboardFile = Main;
				INFOPLIST_KEY_UISupportedInterfaceOrientations_iPad = "UIInterfaceOrientationLandscapeLeft UIInterfaceOrientationLandscapeRight UIInterfaceOrientationPortrait";
				IPHONEOS_DEPLOYMENT_TARGET = 16.0;
				LD_RUNPATH_SEARCH_PATHS = (
					"$(inherited)",
					"@executable_path/Frameworks",
				);
				MARKETING_VERSION = 0.2.0;
				PRODUCT_BUNDLE_IDENTIFIER = "com.Jimmy.save-the-date";
				PRODUCT_NAME = "$(TARGET_NAME)";
				PROVISIONING_PROFILE_SPECIFIER = "";
				SUPPORTED_PLATFORMS = "iphoneos iphonesimulator";
				SUPPORTS_MACCATALYST = NO;
				SWIFT_EMIT_LOC_STRINGS = YES;
				SWIFT_VERSION = 5.0;
				TARGETED_DEVICE_FAMILY = 1;
			};
			name = Release;
		};
/* End XCBuildConfiguration section */

/* Begin XCConfigurationList section */
		742CD0672B04C36C00CA3011 /* Build configuration list for PBXProject "save-the-date" */ = {
			isa = XCConfigurationList;
			buildConfigurations = (
				742CD07E2B04C36E00CA3011 /* Debug */,
				742CD07F2B04C36E00CA3011 /* Release */,
			);
			defaultConfigurationIsVisible = 0;
			defaultConfigurationName = Release;
		};
		742CD0802B04C36E00CA3011 /* Build configuration list for PBXNativeTarget "save-the-date" */ = {
			isa = XCConfigurationList;
			buildConfigurations = (
				742CD0812B04C36E00CA3011 /* Debug */,
				742CD0822B04C36E00CA3011 /* Release */,
			);
			defaultConfigurationIsVisible = 0;
			defaultConfigurationName = Release;
		};
/* End XCConfigurationList section */

/* Begin XCRemoteSwiftPackageReference section */
		74DE463A2B0885F900B6F648 /* XCRemoteSwiftPackageReference "firebase-ios-sdk" */ = {
			isa = XCRemoteSwiftPackageReference;
			repositoryURL = "https://github.com/firebase/firebase-ios-sdk";
			requirement = {
				kind = upToNextMajorVersion;
				minimumVersion = 10.18.0;
			};
		};
/* End XCRemoteSwiftPackageReference section */

/* Begin XCSwiftPackageProductDependency section */
		74363FAB2B1B10C1000AE762 /* FirebaseAnalytics */ = {
			isa = XCSwiftPackageProductDependency;
			package = 74DE463A2B0885F900B6F648 /* XCRemoteSwiftPackageReference "firebase-ios-sdk" */;
			productName = FirebaseAnalytics;
		};
		74363FAD2B1B10C1000AE762 /* FirebaseAnalyticsOnDeviceConversion */ = {
			isa = XCSwiftPackageProductDependency;
			package = 74DE463A2B0885F900B6F648 /* XCRemoteSwiftPackageReference "firebase-ios-sdk" */;
			productName = FirebaseAnalyticsOnDeviceConversion;
		};
		74363FAF2B1B10C1000AE762 /* FirebaseAnalyticsSwift */ = {
			isa = XCSwiftPackageProductDependency;
			package = 74DE463A2B0885F900B6F648 /* XCRemoteSwiftPackageReference "firebase-ios-sdk" */;
			productName = FirebaseAnalyticsSwift;
		};
		74363FB12B1B10C1000AE762 /* FirebaseAnalyticsWithoutAdIdSupport */ = {
			isa = XCSwiftPackageProductDependency;
			package = 74DE463A2B0885F900B6F648 /* XCRemoteSwiftPackageReference "firebase-ios-sdk" */;
			productName = FirebaseAnalyticsWithoutAdIdSupport;
		};
		74363FB32B1B10C1000AE762 /* FirebaseAppCheck */ = {
			isa = XCSwiftPackageProductDependency;
			package = 74DE463A2B0885F900B6F648 /* XCRemoteSwiftPackageReference "firebase-ios-sdk" */;
			productName = FirebaseAppCheck;
		};
		74363FB52B1B10C1000AE762 /* FirebaseAppDistribution-Beta */ = {
			isa = XCSwiftPackageProductDependency;
			package = 74DE463A2B0885F900B6F648 /* XCRemoteSwiftPackageReference "firebase-ios-sdk" */;
			productName = "FirebaseAppDistribution-Beta";
		};
		74363FB72B1B10C1000AE762 /* FirebaseAuth */ = {
			isa = XCSwiftPackageProductDependency;
			package = 74DE463A2B0885F900B6F648 /* XCRemoteSwiftPackageReference "firebase-ios-sdk" */;
			productName = FirebaseAuth;
		};
		74363FB92B1B10C1000AE762 /* FirebaseAuthCombine-Community */ = {
			isa = XCSwiftPackageProductDependency;
			package = 74DE463A2B0885F900B6F648 /* XCRemoteSwiftPackageReference "firebase-ios-sdk" */;
			productName = "FirebaseAuthCombine-Community";
		};
		74363FBB2B1B10C1000AE762 /* FirebaseCrashlytics */ = {
			isa = XCSwiftPackageProductDependency;
			package = 74DE463A2B0885F900B6F648 /* XCRemoteSwiftPackageReference "firebase-ios-sdk" */;
			productName = FirebaseCrashlytics;
		};
		74363FBD2B1B10C1000AE762 /* FirebaseDatabase */ = {
			isa = XCSwiftPackageProductDependency;
			package = 74DE463A2B0885F900B6F648 /* XCRemoteSwiftPackageReference "firebase-ios-sdk" */;
			productName = FirebaseDatabase;
		};
		74363FBF2B1B10C1000AE762 /* FirebaseDatabaseSwift */ = {
			isa = XCSwiftPackageProductDependency;
			package = 74DE463A2B0885F900B6F648 /* XCRemoteSwiftPackageReference "firebase-ios-sdk" */;
			productName = FirebaseDatabaseSwift;
		};
		74363FC12B1B10C1000AE762 /* FirebaseDynamicLinks */ = {
			isa = XCSwiftPackageProductDependency;
			package = 74DE463A2B0885F900B6F648 /* XCRemoteSwiftPackageReference "firebase-ios-sdk" */;
			productName = FirebaseDynamicLinks;
		};
		74363FC32B1B10C1000AE762 /* FirebaseFirestore */ = {
			isa = XCSwiftPackageProductDependency;
			package = 74DE463A2B0885F900B6F648 /* XCRemoteSwiftPackageReference "firebase-ios-sdk" */;
			productName = FirebaseFirestore;
		};
		74363FC52B1B10C1000AE762 /* FirebaseFirestoreCombine-Community */ = {
			isa = XCSwiftPackageProductDependency;
			package = 74DE463A2B0885F900B6F648 /* XCRemoteSwiftPackageReference "firebase-ios-sdk" */;
			productName = "FirebaseFirestoreCombine-Community";
		};
		74363FC72B1B10C1000AE762 /* FirebaseFirestoreSwift */ = {
			isa = XCSwiftPackageProductDependency;
			package = 74DE463A2B0885F900B6F648 /* XCRemoteSwiftPackageReference "firebase-ios-sdk" */;
			productName = FirebaseFirestoreSwift;
		};
		74363FC92B1B10C1000AE762 /* FirebaseFunctions */ = {
			isa = XCSwiftPackageProductDependency;
			package = 74DE463A2B0885F900B6F648 /* XCRemoteSwiftPackageReference "firebase-ios-sdk" */;
			productName = FirebaseFunctions;
		};
		74363FCB2B1B10C1000AE762 /* FirebaseFunctionsCombine-Community */ = {
			isa = XCSwiftPackageProductDependency;
			package = 74DE463A2B0885F900B6F648 /* XCRemoteSwiftPackageReference "firebase-ios-sdk" */;
			productName = "FirebaseFunctionsCombine-Community";
		};
		74363FCD2B1B10C1000AE762 /* FirebaseInAppMessaging-Beta */ = {
			isa = XCSwiftPackageProductDependency;
			package = 74DE463A2B0885F900B6F648 /* XCRemoteSwiftPackageReference "firebase-ios-sdk" */;
			productName = "FirebaseInAppMessaging-Beta";
		};
		74363FCF2B1B10C1000AE762 /* FirebaseInAppMessagingSwift-Beta */ = {
			isa = XCSwiftPackageProductDependency;
			package = 74DE463A2B0885F900B6F648 /* XCRemoteSwiftPackageReference "firebase-ios-sdk" */;
			productName = "FirebaseInAppMessagingSwift-Beta";
		};
		74363FD12B1B10C1000AE762 /* FirebaseInstallations */ = {
			isa = XCSwiftPackageProductDependency;
			package = 74DE463A2B0885F900B6F648 /* XCRemoteSwiftPackageReference "firebase-ios-sdk" */;
			productName = FirebaseInstallations;
		};
		74363FD32B1B10C1000AE762 /* FirebaseMLModelDownloader */ = {
			isa = XCSwiftPackageProductDependency;
			package = 74DE463A2B0885F900B6F648 /* XCRemoteSwiftPackageReference "firebase-ios-sdk" */;
			productName = FirebaseMLModelDownloader;
		};
		74363FD52B1B10C1000AE762 /* FirebaseMessaging */ = {
			isa = XCSwiftPackageProductDependency;
			package = 74DE463A2B0885F900B6F648 /* XCRemoteSwiftPackageReference "firebase-ios-sdk" */;
			productName = FirebaseMessaging;
		};
		74363FD72B1B10C1000AE762 /* FirebasePerformance */ = {
			isa = XCSwiftPackageProductDependency;
			package = 74DE463A2B0885F900B6F648 /* XCRemoteSwiftPackageReference "firebase-ios-sdk" */;
			productName = FirebasePerformance;
		};
		74363FD92B1B10C1000AE762 /* FirebaseRemoteConfig */ = {
			isa = XCSwiftPackageProductDependency;
			package = 74DE463A2B0885F900B6F648 /* XCRemoteSwiftPackageReference "firebase-ios-sdk" */;
			productName = FirebaseRemoteConfig;
		};
		74363FDB2B1B10C1000AE762 /* FirebaseRemoteConfigSwift */ = {
			isa = XCSwiftPackageProductDependency;
			package = 74DE463A2B0885F900B6F648 /* XCRemoteSwiftPackageReference "firebase-ios-sdk" */;
			productName = FirebaseRemoteConfigSwift;
		};
		74363FDD2B1B10C1000AE762 /* FirebaseStorage */ = {
			isa = XCSwiftPackageProductDependency;
			package = 74DE463A2B0885F900B6F648 /* XCRemoteSwiftPackageReference "firebase-ios-sdk" */;
			productName = FirebaseStorage;
		};
		74363FDF2B1B10C1000AE762 /* FirebaseStorageCombine-Community */ = {
			isa = XCSwiftPackageProductDependency;
			package = 74DE463A2B0885F900B6F648 /* XCRemoteSwiftPackageReference "firebase-ios-sdk" */;
			productName = "FirebaseStorageCombine-Community";
		};
		74DE463B2B0885F900B6F648 /* FirebaseAnalytics */ = {
			isa = XCSwiftPackageProductDependency;
			package = 74DE463A2B0885F900B6F648 /* XCRemoteSwiftPackageReference "firebase-ios-sdk" */;
			productName = FirebaseAnalytics;
		};
		74DE463D2B0885F900B6F648 /* FirebaseAnalyticsOnDeviceConversion */ = {
			isa = XCSwiftPackageProductDependency;
			package = 74DE463A2B0885F900B6F648 /* XCRemoteSwiftPackageReference "firebase-ios-sdk" */;
			productName = FirebaseAnalyticsOnDeviceConversion;
		};
		74DE463F2B0885F900B6F648 /* FirebaseAnalyticsSwift */ = {
			isa = XCSwiftPackageProductDependency;
			package = 74DE463A2B0885F900B6F648 /* XCRemoteSwiftPackageReference "firebase-ios-sdk" */;
			productName = FirebaseAnalyticsSwift;
		};
		74DE46412B0885F900B6F648 /* FirebaseAnalyticsWithoutAdIdSupport */ = {
			isa = XCSwiftPackageProductDependency;
			package = 74DE463A2B0885F900B6F648 /* XCRemoteSwiftPackageReference "firebase-ios-sdk" */;
			productName = FirebaseAnalyticsWithoutAdIdSupport;
		};
		74DE46432B0885F900B6F648 /* FirebaseAppCheck */ = {
			isa = XCSwiftPackageProductDependency;
			package = 74DE463A2B0885F900B6F648 /* XCRemoteSwiftPackageReference "firebase-ios-sdk" */;
			productName = FirebaseAppCheck;
		};
		74DE46452B0885F900B6F648 /* FirebaseAppDistribution-Beta */ = {
			isa = XCSwiftPackageProductDependency;
			package = 74DE463A2B0885F900B6F648 /* XCRemoteSwiftPackageReference "firebase-ios-sdk" */;
			productName = "FirebaseAppDistribution-Beta";
		};
		74DE46472B0885F900B6F648 /* FirebaseDynamicLinks */ = {
			isa = XCSwiftPackageProductDependency;
			package = 74DE463A2B0885F900B6F648 /* XCRemoteSwiftPackageReference "firebase-ios-sdk" */;
			productName = FirebaseDynamicLinks;
		};
		74DE46492B0885F900B6F648 /* FirebaseFirestore */ = {
			isa = XCSwiftPackageProductDependency;
			package = 74DE463A2B0885F900B6F648 /* XCRemoteSwiftPackageReference "firebase-ios-sdk" */;
			productName = FirebaseFirestore;
		};
		74DE464B2B0885F900B6F648 /* FirebaseFirestoreCombine-Community */ = {
			isa = XCSwiftPackageProductDependency;
			package = 74DE463A2B0885F900B6F648 /* XCRemoteSwiftPackageReference "firebase-ios-sdk" */;
			productName = "FirebaseFirestoreCombine-Community";
		};
		74DE464D2B0885F900B6F648 /* FirebaseFirestoreSwift */ = {
			isa = XCSwiftPackageProductDependency;
			package = 74DE463A2B0885F900B6F648 /* XCRemoteSwiftPackageReference "firebase-ios-sdk" */;
			productName = FirebaseFirestoreSwift;
		};
		74DE464F2B0885F900B6F648 /* FirebaseFunctions */ = {
			isa = XCSwiftPackageProductDependency;
			package = 74DE463A2B0885F900B6F648 /* XCRemoteSwiftPackageReference "firebase-ios-sdk" */;
			productName = FirebaseFunctions;
		};
		74DE46512B0885F900B6F648 /* FirebaseFunctionsCombine-Community */ = {
			isa = XCSwiftPackageProductDependency;
			package = 74DE463A2B0885F900B6F648 /* XCRemoteSwiftPackageReference "firebase-ios-sdk" */;
			productName = "FirebaseFunctionsCombine-Community";
		};
		74DE46532B0885F900B6F648 /* FirebaseInAppMessaging-Beta */ = {
			isa = XCSwiftPackageProductDependency;
			package = 74DE463A2B0885F900B6F648 /* XCRemoteSwiftPackageReference "firebase-ios-sdk" */;
			productName = "FirebaseInAppMessaging-Beta";
		};
		74DE46552B0885F900B6F648 /* FirebaseMessaging */ = {
			isa = XCSwiftPackageProductDependency;
			package = 74DE463A2B0885F900B6F648 /* XCRemoteSwiftPackageReference "firebase-ios-sdk" */;
			productName = FirebaseMessaging;
		};
		74DE46572B0885F900B6F648 /* FirebasePerformance */ = {
			isa = XCSwiftPackageProductDependency;
			package = 74DE463A2B0885F900B6F648 /* XCRemoteSwiftPackageReference "firebase-ios-sdk" */;
			productName = FirebasePerformance;
		};
		74DE46592B0885F900B6F648 /* FirebaseRemoteConfig */ = {
			isa = XCSwiftPackageProductDependency;
			package = 74DE463A2B0885F900B6F648 /* XCRemoteSwiftPackageReference "firebase-ios-sdk" */;
			productName = FirebaseRemoteConfig;
		};
		74DE465B2B0885F900B6F648 /* FirebaseRemoteConfigSwift */ = {
			isa = XCSwiftPackageProductDependency;
			package = 74DE463A2B0885F900B6F648 /* XCRemoteSwiftPackageReference "firebase-ios-sdk" */;
			productName = FirebaseRemoteConfigSwift;
		};
		74DE465D2B0885F900B6F648 /* FirebaseStorage */ = {
			isa = XCSwiftPackageProductDependency;
			package = 74DE463A2B0885F900B6F648 /* XCRemoteSwiftPackageReference "firebase-ios-sdk" */;
			productName = FirebaseStorage;
		};
		74DE465F2B0885F900B6F648 /* FirebaseStorageCombine-Community */ = {
			isa = XCSwiftPackageProductDependency;
			package = 74DE463A2B0885F900B6F648 /* XCRemoteSwiftPackageReference "firebase-ios-sdk" */;
			productName = "FirebaseStorageCombine-Community";
		};
/* End XCSwiftPackageProductDependency section */
	};
	rootObject = 742CD0642B04C36C00CA3011 /* Project object */;
}
