// !$*UTF8*$!
{
	archiveVersion = 1;
	classes = {
	};
	objectVersion = 56;
	objects = {

/* Begin PBXBuildFile section */
		742CD0702B04C36C00CA3011 /* AppDelegate.swift in Sources */ = {isa = PBXBuildFile; fileRef = 742CD06F2B04C36C00CA3011 /* AppDelegate.swift */; };
		742CD0722B04C36C00CA3011 /* SceneDelegate.swift in Sources */ = {isa = PBXBuildFile; fileRef = 742CD0712B04C36C00CA3011 /* SceneDelegate.swift */; };
		742CD0772B04C36D00CA3011 /* Main.storyboard in Resources */ = {isa = PBXBuildFile; fileRef = 742CD0752B04C36D00CA3011 /* Main.storyboard */; };
		742CD0792B04C36E00CA3011 /* Assets.xcassets in Resources */ = {isa = PBXBuildFile; fileRef = 742CD0782B04C36E00CA3011 /* Assets.xcassets */; };
		742CD07C2B04C36E00CA3011 /* LaunchScreen.storyboard in Resources */ = {isa = PBXBuildFile; fileRef = 742CD07A2B04C36E00CA3011 /* LaunchScreen.storyboard */; };
		74B828502B04DABB00A42850 /* DeclaritiveExtension.swift in Sources */ = {isa = PBXBuildFile; fileRef = 74B8284F2B04DABB00A42850 /* DeclaritiveExtension.swift */; };
		74B828522B04DB2300A42850 /* UIColorExtension.swift in Sources */ = {isa = PBXBuildFile; fileRef = 74B828512B04DB2300A42850 /* UIColorExtension.swift */; };
		74B828562B04DB7700A42850 /* ModuleTableViewCell.swift in Sources */ = {isa = PBXBuildFile; fileRef = 74B828532B04DB7700A42850 /* ModuleTableViewCell.swift */; };
		74B828572B04DB7700A42850 /* PackageTableView.swift in Sources */ = {isa = PBXBuildFile; fileRef = 74B828542B04DB7700A42850 /* PackageTableView.swift */; };
		74B828582B04DB7700A42850 /* CreatePackageVC.swift in Sources */ = {isa = PBXBuildFile; fileRef = 74B828552B04DB7700A42850 /* CreatePackageVC.swift */; };
		74B8285B2B04DF1900A42850 /* PackageManager.swift in Sources */ = {isa = PBXBuildFile; fileRef = 74B8285A2B04DF1900A42850 /* PackageManager.swift */; };
		74B8285D2B04DF8800A42850 /* ExploreSiteVC.swift in Sources */ = {isa = PBXBuildFile; fileRef = 74B8285C2B04DF8800A42850 /* ExploreSiteVC.swift */; };
		BBD4622B9ECDCDBFD3DA8338 /* Pods_save_the_date.framework in Frameworks */ = {isa = PBXBuildFile; fileRef = BF3C3244F20A7471CA3A602F /* Pods_save_the_date.framework */; };
/* End PBXBuildFile section */

/* Begin PBXFileReference section */
		0C21406B870A2F9BBBD75184 /* Pods-save-the-date.debug.xcconfig */ = {isa = PBXFileReference; includeInIndex = 1; lastKnownFileType = text.xcconfig; name = "Pods-save-the-date.debug.xcconfig"; path = "Target Support Files/Pods-save-the-date/Pods-save-the-date.debug.xcconfig"; sourceTree = "<group>"; };
		742CD06C2B04C36C00CA3011 /* save-the-date.app */ = {isa = PBXFileReference; explicitFileType = wrapper.application; includeInIndex = 0; path = "save-the-date.app"; sourceTree = BUILT_PRODUCTS_DIR; };
		742CD06F2B04C36C00CA3011 /* AppDelegate.swift */ = {isa = PBXFileReference; lastKnownFileType = sourcecode.swift; path = AppDelegate.swift; sourceTree = "<group>"; };
		742CD0712B04C36C00CA3011 /* SceneDelegate.swift */ = {isa = PBXFileReference; lastKnownFileType = sourcecode.swift; path = SceneDelegate.swift; sourceTree = "<group>"; };
		742CD0762B04C36D00CA3011 /* Base */ = {isa = PBXFileReference; lastKnownFileType = file.storyboard; name = Base; path = Base.lproj/Main.storyboard; sourceTree = "<group>"; };
		742CD0782B04C36E00CA3011 /* Assets.xcassets */ = {isa = PBXFileReference; lastKnownFileType = folder.assetcatalog; path = Assets.xcassets; sourceTree = "<group>"; };
		742CD07B2B04C36E00CA3011 /* Base */ = {isa = PBXFileReference; lastKnownFileType = file.storyboard; name = Base; path = Base.lproj/LaunchScreen.storyboard; sourceTree = "<group>"; };
		742CD07D2B04C36E00CA3011 /* Info.plist */ = {isa = PBXFileReference; lastKnownFileType = text.plist.xml; path = Info.plist; sourceTree = "<group>"; };
		74B8284F2B04DABB00A42850 /* DeclaritiveExtension.swift */ = {isa = PBXFileReference; lastKnownFileType = sourcecode.swift; path = DeclaritiveExtension.swift; sourceTree = "<group>"; };
		74B828512B04DB2300A42850 /* UIColorExtension.swift */ = {isa = PBXFileReference; lastKnownFileType = sourcecode.swift; path = UIColorExtension.swift; sourceTree = "<group>"; };
		74B828532B04DB7700A42850 /* ModuleTableViewCell.swift */ = {isa = PBXFileReference; fileEncoding = 4; lastKnownFileType = sourcecode.swift; path = ModuleTableViewCell.swift; sourceTree = "<group>"; };
		74B828542B04DB7700A42850 /* PackageTableView.swift */ = {isa = PBXFileReference; fileEncoding = 4; lastKnownFileType = sourcecode.swift; path = PackageTableView.swift; sourceTree = "<group>"; };
		74B828552B04DB7700A42850 /* CreatePackageVC.swift */ = {isa = PBXFileReference; fileEncoding = 4; lastKnownFileType = sourcecode.swift; path = CreatePackageVC.swift; sourceTree = "<group>"; };
		74B8285A2B04DF1900A42850 /* PackageManager.swift */ = {isa = PBXFileReference; lastKnownFileType = sourcecode.swift; path = PackageManager.swift; sourceTree = "<group>"; };
		74B8285C2B04DF8800A42850 /* ExploreSiteVC.swift */ = {isa = PBXFileReference; lastKnownFileType = sourcecode.swift; path = ExploreSiteVC.swift; sourceTree = "<group>"; };
		976304C3E129BD30346D3EE6 /* Pods-save-the-date.release.xcconfig */ = {isa = PBXFileReference; includeInIndex = 1; lastKnownFileType = text.xcconfig; name = "Pods-save-the-date.release.xcconfig"; path = "Target Support Files/Pods-save-the-date/Pods-save-the-date.release.xcconfig"; sourceTree = "<group>"; };
		BF3C3244F20A7471CA3A602F /* Pods_save_the_date.framework */ = {isa = PBXFileReference; explicitFileType = wrapper.framework; includeInIndex = 0; path = Pods_save_the_date.framework; sourceTree = BUILT_PRODUCTS_DIR; };
/* End PBXFileReference section */

/* Begin PBXFrameworksBuildPhase section */
		742CD0692B04C36C00CA3011 /* Frameworks */ = {
			isa = PBXFrameworksBuildPhase;
			buildActionMask = 2147483647;
			files = (
				BBD4622B9ECDCDBFD3DA8338 /* Pods_save_the_date.framework in Frameworks */,
			);
			runOnlyForDeploymentPostprocessing = 0;
		};
/* End PBXFrameworksBuildPhase section */

/* Begin PBXGroup section */
		742CD0632B04C36C00CA3011 = {
			isa = PBXGroup;
			children = (
				742CD06E2B04C36C00CA3011 /* save-the-date */,
				742CD06D2B04C36C00CA3011 /* Products */,
				EC1F0C4677D36EE4ADBC45E2 /* Pods */,
				F16D00E7425E71BCC6A4AA31 /* Frameworks */,
			);
			sourceTree = "<group>";
		};
		742CD06D2B04C36C00CA3011 /* Products */ = {
			isa = PBXGroup;
			children = (
				742CD06C2B04C36C00CA3011 /* save-the-date.app */,
			);
			name = Products;
			sourceTree = "<group>";
		};
		742CD06E2B04C36C00CA3011 /* save-the-date */ = {
			isa = PBXGroup;
			children = (
				74B828592B04DF0D00A42850 /* Manager */,
				74B8284E2B04DA8B00A42850 /* Extension */,
				74B8284D2B04D99300A42850 /* VC */,
				742CD06F2B04C36C00CA3011 /* AppDelegate.swift */,
				742CD0712B04C36C00CA3011 /* SceneDelegate.swift */,
				742CD0752B04C36D00CA3011 /* Main.storyboard */,
				742CD0782B04C36E00CA3011 /* Assets.xcassets */,
				742CD07A2B04C36E00CA3011 /* LaunchScreen.storyboard */,
				742CD07D2B04C36E00CA3011 /* Info.plist */,
			);
			path = "save-the-date";
			sourceTree = "<group>";
		};
		74B8284D2B04D99300A42850 /* VC */ = {
			isa = PBXGroup;
			children = (
				74B8285F2B04DFE200A42850 /* ExploreSite */,
				74B8285E2B04DFD800A42850 /* CreatePackage */,
				74B828542B04DB7700A42850 /* PackageTableView.swift */,
				74B828532B04DB7700A42850 /* ModuleTableViewCell.swift */,
				74B828552B04DB7700A42850 /* CreatePackageVC.swift */,
			);
			path = VC;
			sourceTree = "<group>";
		};
		74B8284E2B04DA8B00A42850 /* Extension */ = {
			isa = PBXGroup;
			children = (
				74B8284F2B04DABB00A42850 /* DeclaritiveExtension.swift */,
				74B828512B04DB2300A42850 /* UIColorExtension.swift */,
			);
			path = Extension;
			sourceTree = "<group>";
		};
		74B828592B04DF0D00A42850 /* Manager */ = {
			isa = PBXGroup;
			children = (
				74B8285A2B04DF1900A42850 /* PackageManager.swift */,
			);
			path = Manager;
			sourceTree = "<group>";
		};
		74B8285E2B04DFD800A42850 /* CreatePackage */ = {
			isa = PBXGroup;
			children = (
			);
			path = CreatePackage;
			sourceTree = "<group>";
		};
		74B8285F2B04DFE200A42850 /* ExploreSite */ = {
			isa = PBXGroup;
			children = (
				74B8285C2B04DF8800A42850 /* ExploreSiteVC.swift */,
			);
			path = ExploreSite;
			sourceTree = "<group>";
		};
		EC1F0C4677D36EE4ADBC45E2 /* Pods */ = {
			isa = PBXGroup;
			children = (
				0C21406B870A2F9BBBD75184 /* Pods-save-the-date.debug.xcconfig */,
				976304C3E129BD30346D3EE6 /* Pods-save-the-date.release.xcconfig */,
			);
			path = Pods;
			sourceTree = "<group>";
		};
		F16D00E7425E71BCC6A4AA31 /* Frameworks */ = {
			isa = PBXGroup;
			children = (
				BF3C3244F20A7471CA3A602F /* Pods_save_the_date.framework */,
			);
			name = Frameworks;
			sourceTree = "<group>";
		};
/* End PBXGroup section */

/* Begin PBXNativeTarget section */
		742CD06B2B04C36C00CA3011 /* save-the-date */ = {
			isa = PBXNativeTarget;
			buildConfigurationList = 742CD0802B04C36E00CA3011 /* Build configuration list for PBXNativeTarget "save-the-date" */;
			buildPhases = (
				031027D8A2233AA78CE56A6C /* [CP] Check Pods Manifest.lock */,
				742CD0682B04C36C00CA3011 /* Sources */,
				742CD0692B04C36C00CA3011 /* Frameworks */,
				742CD06A2B04C36C00CA3011 /* Resources */,
				742CD0832B04C7C000CA3011 /* ShellScript */,
			);
			buildRules = (
			);
			dependencies = (
			);
			name = "save-the-date";
			productName = "save-the-date";
			productReference = 742CD06C2B04C36C00CA3011 /* save-the-date.app */;
			productType = "com.apple.product-type.application";
		};
/* End PBXNativeTarget section */

/* Begin PBXProject section */
		742CD0642B04C36C00CA3011 /* Project object */ = {
			isa = PBXProject;
			attributes = {
				BuildIndependentTargetsInParallel = 1;
				LastSwiftUpdateCheck = 1500;
				LastUpgradeCheck = 1500;
				TargetAttributes = {
					742CD06B2B04C36C00CA3011 = {
						CreatedOnToolsVersion = 15.0.1;
					};
				};
			};
			buildConfigurationList = 742CD0672B04C36C00CA3011 /* Build configuration list for PBXProject "save-the-date" */;
			compatibilityVersion = "Xcode 14.0";
			developmentRegion = en;
			hasScannedForEncodings = 0;
			knownRegions = (
				en,
				Base,
			);
			mainGroup = 742CD0632B04C36C00CA3011;
			productRefGroup = 742CD06D2B04C36C00CA3011 /* Products */;
			projectDirPath = "";
			projectRoot = "";
			targets = (
				742CD06B2B04C36C00CA3011 /* save-the-date */,
			);
		};
/* End PBXProject section */

/* Begin PBXResourcesBuildPhase section */
		742CD06A2B04C36C00CA3011 /* Resources */ = {
			isa = PBXResourcesBuildPhase;
			buildActionMask = 2147483647;
			files = (
				742CD07C2B04C36E00CA3011 /* LaunchScreen.storyboard in Resources */,
				742CD0792B04C36E00CA3011 /* Assets.xcassets in Resources */,
				742CD0772B04C36D00CA3011 /* Main.storyboard in Resources */,
			);
			runOnlyForDeploymentPostprocessing = 0;
		};
/* End PBXResourcesBuildPhase section */

/* Begin PBXShellScriptBuildPhase section */
		031027D8A2233AA78CE56A6C /* [CP] Check Pods Manifest.lock */ = {
			isa = PBXShellScriptBuildPhase;
			buildActionMask = 2147483647;
			files = (
			);
			inputFileListPaths = (
			);
			inputPaths = (
				"${PODS_PODFILE_DIR_PATH}/Podfile.lock",
				"${PODS_ROOT}/Manifest.lock",
			);
			name = "[CP] Check Pods Manifest.lock";
			outputFileListPaths = (
			);
			outputPaths = (
				"$(DERIVED_FILE_DIR)/Pods-save-the-date-checkManifestLockResult.txt",
			);
			runOnlyForDeploymentPostprocessing = 0;
			shellPath = /bin/sh;
			shellScript = "diff \"${PODS_PODFILE_DIR_PATH}/Podfile.lock\" \"${PODS_ROOT}/Manifest.lock\" > /dev/null\nif [ $? != 0 ] ; then\n    # print error to STDERR\n    echo \"error: The sandbox is not in sync with the Podfile.lock. Run 'pod install' or update your CocoaPods installation.\" >&2\n    exit 1\nfi\n# This output is used by Xcode 'outputs' to avoid re-running this script phase.\necho \"SUCCESS\" > \"${SCRIPT_OUTPUT_FILE_0}\"\n";
			showEnvVarsInLog = 0;
		};
		742CD0832B04C7C000CA3011 /* ShellScript */ = {
			isa = PBXShellScriptBuildPhase;
			buildActionMask = 2147483647;
			files = (
			);
			inputFileListPaths = (
			);
			inputPaths = (
			);
			outputFileListPaths = (
			);
			outputPaths = (
			);
			runOnlyForDeploymentPostprocessing = 0;
			shellPath = /bin/sh;
			shellScript = "\"${PODS_ROOT}/SwiftLint/swiftlint\"\n";
		};
/* End PBXShellScriptBuildPhase section */

/* Begin PBXSourcesBuildPhase section */
		742CD0682B04C36C00CA3011 /* Sources */ = {
			isa = PBXSourcesBuildPhase;
			buildActionMask = 2147483647;
			files = (
				74B828562B04DB7700A42850 /* ModuleTableViewCell.swift in Sources */,
				742CD0702B04C36C00CA3011 /* AppDelegate.swift in Sources */,
				74B828582B04DB7700A42850 /* CreatePackageVC.swift in Sources */,
				74B828522B04DB2300A42850 /* UIColorExtension.swift in Sources */,
				74B828572B04DB7700A42850 /* PackageTableView.swift in Sources */,
				74B828502B04DABB00A42850 /* DeclaritiveExtension.swift in Sources */,
				74B8285B2B04DF1900A42850 /* PackageManager.swift in Sources */,
				74B8285D2B04DF8800A42850 /* ExploreSiteVC.swift in Sources */,
				742CD0722B04C36C00CA3011 /* SceneDelegate.swift in Sources */,
			);
			runOnlyForDeploymentPostprocessing = 0;
		};
/* End PBXSourcesBuildPhase section */

/* Begin PBXVariantGroup section */
		742CD0752B04C36D00CA3011 /* Main.storyboard */ = {
			isa = PBXVariantGroup;
			children = (
				742CD0762B04C36D00CA3011 /* Base */,
			);
			name = Main.storyboard;
			sourceTree = "<group>";
		};
		742CD07A2B04C36E00CA3011 /* LaunchScreen.storyboard */ = {
			isa = PBXVariantGroup;
			children = (
				742CD07B2B04C36E00CA3011 /* Base */,
			);
			name = LaunchScreen.storyboard;
			sourceTree = "<group>";
		};
/* End PBXVariantGroup section */

/* Begin XCBuildConfiguration section */
		742CD07E2B04C36E00CA3011 /* Debug */ = {
			isa = XCBuildConfiguration;
			buildSettings = {
				ALWAYS_SEARCH_USER_PATHS = NO;
				ASSETCATALOG_COMPILER_GENERATE_SWIFT_ASSET_SYMBOL_EXTENSIONS = YES;
				CLANG_ANALYZER_NONNULL = YES;
				CLANG_ANALYZER_NUMBER_OBJECT_CONVERSION = YES_AGGRESSIVE;
				CLANG_CXX_LANGUAGE_STANDARD = "gnu++20";
				CLANG_ENABLE_MODULES = YES;
				CLANG_ENABLE_OBJC_ARC = YES;
				CLANG_ENABLE_OBJC_WEAK = YES;
				CLANG_WARN_BLOCK_CAPTURE_AUTORELEASING = YES;
				CLANG_WARN_BOOL_CONVERSION = YES;
				CLANG_WARN_COMMA = YES;
				CLANG_WARN_CONSTANT_CONVERSION = YES;
				CLANG_WARN_DEPRECATED_OBJC_IMPLEMENTATIONS = YES;
				CLANG_WARN_DIRECT_OBJC_ISA_USAGE = YES_ERROR;
				CLANG_WARN_DOCUMENTATION_COMMENTS = YES;
				CLANG_WARN_EMPTY_BODY = YES;
				CLANG_WARN_ENUM_CONVERSION = YES;
				CLANG_WARN_INFINITE_RECURSION = YES;
				CLANG_WARN_INT_CONVERSION = YES;
				CLANG_WARN_NON_LITERAL_NULL_CONVERSION = YES;
				CLANG_WARN_OBJC_IMPLICIT_RETAIN_SELF = YES;
				CLANG_WARN_OBJC_LITERAL_CONVERSION = YES;
				CLANG_WARN_OBJC_ROOT_CLASS = YES_ERROR;
				CLANG_WARN_QUOTED_INCLUDE_IN_FRAMEWORK_HEADER = YES;
				CLANG_WARN_RANGE_LOOP_ANALYSIS = YES;
				CLANG_WARN_STRICT_PROTOTYPES = YES;
				CLANG_WARN_SUSPICIOUS_MOVE = YES;
				CLANG_WARN_UNGUARDED_AVAILABILITY = YES_AGGRESSIVE;
				CLANG_WARN_UNREACHABLE_CODE = YES;
				CLANG_WARN__DUPLICATE_METHOD_MATCH = YES;
				COPY_PHASE_STRIP = NO;
				DEBUG_INFORMATION_FORMAT = dwarf;
				ENABLE_STRICT_OBJC_MSGSEND = YES;
				ENABLE_TESTABILITY = YES;
				ENABLE_USER_SCRIPT_SANDBOXING = NO;
				GCC_C_LANGUAGE_STANDARD = gnu17;
				GCC_DYNAMIC_NO_PIC = NO;
				GCC_NO_COMMON_BLOCKS = YES;
				GCC_OPTIMIZATION_LEVEL = 0;
				GCC_PREPROCESSOR_DEFINITIONS = (
					"DEBUG=1",
					"$(inherited)",
				);
				GCC_WARN_64_TO_32_BIT_CONVERSION = YES;
				GCC_WARN_ABOUT_RETURN_TYPE = YES_ERROR;
				GCC_WARN_UNDECLARED_SELECTOR = YES;
				GCC_WARN_UNINITIALIZED_AUTOS = YES_AGGRESSIVE;
				GCC_WARN_UNUSED_FUNCTION = YES;
				GCC_WARN_UNUSED_VARIABLE = YES;
				IPHONEOS_DEPLOYMENT_TARGET = 17.0;
				LOCALIZATION_PREFERS_STRING_CATALOGS = YES;
				MTL_ENABLE_DEBUG_INFO = INCLUDE_SOURCE;
				MTL_FAST_MATH = YES;
				ONLY_ACTIVE_ARCH = YES;
				SDKROOT = iphoneos;
				SWIFT_ACTIVE_COMPILATION_CONDITIONS = "DEBUG $(inherited)";
				SWIFT_OPTIMIZATION_LEVEL = "-Onone";
			};
			name = Debug;
		};
		742CD07F2B04C36E00CA3011 /* Release */ = {
			isa = XCBuildConfiguration;
			buildSettings = {
				ALWAYS_SEARCH_USER_PATHS = NO;
				ASSETCATALOG_COMPILER_GENERATE_SWIFT_ASSET_SYMBOL_EXTENSIONS = YES;
				CLANG_ANALYZER_NONNULL = YES;
				CLANG_ANALYZER_NUMBER_OBJECT_CONVERSION = YES_AGGRESSIVE;
				CLANG_CXX_LANGUAGE_STANDARD = "gnu++20";
				CLANG_ENABLE_MODULES = YES;
				CLANG_ENABLE_OBJC_ARC = YES;
				CLANG_ENABLE_OBJC_WEAK = YES;
				CLANG_WARN_BLOCK_CAPTURE_AUTORELEASING = YES;
				CLANG_WARN_BOOL_CONVERSION = YES;
				CLANG_WARN_COMMA = YES;
				CLANG_WARN_CONSTANT_CONVERSION = YES;
				CLANG_WARN_DEPRECATED_OBJC_IMPLEMENTATIONS = YES;
				CLANG_WARN_DIRECT_OBJC_ISA_USAGE = YES_ERROR;
				CLANG_WARN_DOCUMENTATION_COMMENTS = YES;
				CLANG_WARN_EMPTY_BODY = YES;
				CLANG_WARN_ENUM_CONVERSION = YES;
				CLANG_WARN_INFINITE_RECURSION = YES;
				CLANG_WARN_INT_CONVERSION = YES;
				CLANG_WARN_NON_LITERAL_NULL_CONVERSION = YES;
				CLANG_WARN_OBJC_IMPLICIT_RETAIN_SELF = YES;
				CLANG_WARN_OBJC_LITERAL_CONVERSION = YES;
				CLANG_WARN_OBJC_ROOT_CLASS = YES_ERROR;
				CLANG_WARN_QUOTED_INCLUDE_IN_FRAMEWORK_HEADER = YES;
				CLANG_WARN_RANGE_LOOP_ANALYSIS = YES;
				CLANG_WARN_STRICT_PROTOTYPES = YES;
				CLANG_WARN_SUSPICIOUS_MOVE = YES;
				CLANG_WARN_UNGUARDED_AVAILABILITY = YES_AGGRESSIVE;
				CLANG_WARN_UNREACHABLE_CODE = YES;
				CLANG_WARN__DUPLICATE_METHOD_MATCH = YES;
				COPY_PHASE_STRIP = NO;
				DEBUG_INFORMATION_FORMAT = "dwarf-with-dsym";
				ENABLE_NS_ASSERTIONS = NO;
				ENABLE_STRICT_OBJC_MSGSEND = YES;
				ENABLE_USER_SCRIPT_SANDBOXING = NO;
				GCC_C_LANGUAGE_STANDARD = gnu17;
				GCC_NO_COMMON_BLOCKS = YES;
				GCC_WARN_64_TO_32_BIT_CONVERSION = YES;
				GCC_WARN_ABOUT_RETURN_TYPE = YES_ERROR;
				GCC_WARN_UNDECLARED_SELECTOR = YES;
				GCC_WARN_UNINITIALIZED_AUTOS = YES_AGGRESSIVE;
				GCC_WARN_UNUSED_FUNCTION = YES;
				GCC_WARN_UNUSED_VARIABLE = YES;
				IPHONEOS_DEPLOYMENT_TARGET = 17.0;
				LOCALIZATION_PREFERS_STRING_CATALOGS = YES;
				MTL_ENABLE_DEBUG_INFO = NO;
				MTL_FAST_MATH = YES;
				SDKROOT = iphoneos;
				SWIFT_COMPILATION_MODE = wholemodule;
				VALIDATE_PRODUCT = YES;
			};
			name = Release;
		};
		742CD0812B04C36E00CA3011 /* Debug */ = {
			isa = XCBuildConfiguration;
			baseConfigurationReference = 0C21406B870A2F9BBBD75184 /* Pods-save-the-date.debug.xcconfig */;
			buildSettings = {
				ASSETCATALOG_COMPILER_APPICON_NAME = AppIcon;
				ASSETCATALOG_COMPILER_GLOBAL_ACCENT_COLOR_NAME = AccentColor;
				CODE_SIGN_STYLE = Automatic;
				CURRENT_PROJECT_VERSION = 1;
				DEVELOPMENT_TEAM = U69A9BL6B7;
				GENERATE_INFOPLIST_FILE = YES;
				INFOPLIST_FILE = "save-the-date/Info.plist";
				INFOPLIST_KEY_UIApplicationSupportsIndirectInputEvents = YES;
				INFOPLIST_KEY_UILaunchStoryboardName = LaunchScreen;
				INFOPLIST_KEY_UIMainStoryboardFile = Main;
				INFOPLIST_KEY_UISupportedInterfaceOrientations_iPad = "UIInterfaceOrientationPortrait UIInterfaceOrientationPortraitUpsideDown UIInterfaceOrientationLandscapeLeft UIInterfaceOrientationLandscapeRight";
				INFOPLIST_KEY_UISupportedInterfaceOrientations_iPhone = "UIInterfaceOrientationPortrait UIInterfaceOrientationLandscapeLeft UIInterfaceOrientationLandscapeRight";
				IPHONEOS_DEPLOYMENT_TARGET = 16.0;
				LD_RUNPATH_SEARCH_PATHS = (
					"$(inherited)",
					"@executable_path/Frameworks",
				);
				MARKETING_VERSION = 1.0;
				PRODUCT_BUNDLE_IDENTIFIER = "com.Jimmy.save-the-date";
				PRODUCT_NAME = "$(TARGET_NAME)";
				SWIFT_EMIT_LOC_STRINGS = YES;
				SWIFT_VERSION = 5.0;
				TARGETED_DEVICE_FAMILY = "1,2";
			};
			name = Debug;
		};
		742CD0822B04C36E00CA3011 /* Release */ = {
			isa = XCBuildConfiguration;
			baseConfigurationReference = 976304C3E129BD30346D3EE6 /* Pods-save-the-date.release.xcconfig */;
			buildSettings = {
				ASSETCATALOG_COMPILER_APPICON_NAME = AppIcon;
				ASSETCATALOG_COMPILER_GLOBAL_ACCENT_COLOR_NAME = AccentColor;
				CODE_SIGN_STYLE = Automatic;
				CURRENT_PROJECT_VERSION = 1;
				DEVELOPMENT_TEAM = U69A9BL6B7;
				GENERATE_INFOPLIST_FILE = YES;
				INFOPLIST_FILE = "save-the-date/Info.plist";
				INFOPLIST_KEY_UIApplicationSupportsIndirectInputEvents = YES;
				INFOPLIST_KEY_UILaunchStoryboardName = LaunchScreen;
				INFOPLIST_KEY_UIMainStoryboardFile = Main;
				INFOPLIST_KEY_UISupportedInterfaceOrientations_iPad = "UIInterfaceOrientationPortrait UIInterfaceOrientationPortraitUpsideDown UIInterfaceOrientationLandscapeLeft UIInterfaceOrientationLandscapeRight";
				INFOPLIST_KEY_UISupportedInterfaceOrientations_iPhone = "UIInterfaceOrientationPortrait UIInterfaceOrientationLandscapeLeft UIInterfaceOrientationLandscapeRight";
				IPHONEOS_DEPLOYMENT_TARGET = 16.0;
				LD_RUNPATH_SEARCH_PATHS = (
					"$(inherited)",
					"@executable_path/Frameworks",
				);
				MARKETING_VERSION = 1.0;
				PRODUCT_BUNDLE_IDENTIFIER = "com.Jimmy.save-the-date";
				PRODUCT_NAME = "$(TARGET_NAME)";
				SWIFT_EMIT_LOC_STRINGS = YES;
				SWIFT_VERSION = 5.0;
				TARGETED_DEVICE_FAMILY = "1,2";
			};
			name = Release;
		};
/* End XCBuildConfiguration section */

/* Begin XCConfigurationList section */
		742CD0672B04C36C00CA3011 /* Build configuration list for PBXProject "save-the-date" */ = {
			isa = XCConfigurationList;
			buildConfigurations = (
				742CD07E2B04C36E00CA3011 /* Debug */,
				742CD07F2B04C36E00CA3011 /* Release */,
			);
			defaultConfigurationIsVisible = 0;
			defaultConfigurationName = Release;
		};
		742CD0802B04C36E00CA3011 /* Build configuration list for PBXNativeTarget "save-the-date" */ = {
			isa = XCConfigurationList;
			buildConfigurations = (
				742CD0812B04C36E00CA3011 /* Debug */,
				742CD0822B04C36E00CA3011 /* Release */,
			);
			defaultConfigurationIsVisible = 0;
			defaultConfigurationName = Release;
		};
/* End XCConfigurationList section */
	};
	rootObject = 742CD0642B04C36C00CA3011 /* Project object */;
}
