PODS:
  - GoogleMaps (8.3.0):
    - GoogleMaps/Maps (= 8.3.0)
  - GoogleMaps/Base (8.3.0)
  - GoogleMaps/Maps (8.3.0):
    - GoogleMaps/Base
  - GooglePlaces (8.3.0)
  - Hover (2.1.0)
  - SnapKit (5.6.0)
  - SwiftLint (0.54.0)

DEPENDENCIES:
  - GoogleMaps
  - GooglePlaces
  - Hover
  - SnapKit
  - SwiftLint

SPEC REPOS:
  trunk:
    - GoogleMaps
    - GooglePlaces
    - Hover
    - SnapKit
    - SwiftLint

SPEC CHECKSUMS:
  GoogleMaps: 54762190c9741867d03e4e4218672ab5a0a8096b
  GooglePlaces: b922e192c50994436900ef14d19f84971950250b
  Hover: b7821338bdaf54d0e46be24d603e443a869993e3
  SnapKit: e01d52ebb8ddbc333eefe2132acf85c8227d9c25
  SwiftLint: c1de071d9d08c8aba837545f6254315bc900e211

PODFILE CHECKSUM: f24b1d7a3fe555b514c324ae728e0ac8c4551758

COCOAPODS: 1.13.0
